// !$*UTF8*$!
{
	archiveVersion = 1;
	classes = {
	};
	objectVersion = 46;
	objects = {

/* Begin PBXBuildFile section */
		6240F3851B40E36C009185D3 /* AppDelegate.swift in Sources */ = {isa = PBXBuildFile; fileRef = 6240F3841B40E36C009185D3 /* AppDelegate.swift */; };
		6240F38A1B40E36C009185D3 /* Main.storyboard in Resources */ = {isa = PBXBuildFile; fileRef = 6240F3881B40E36C009185D3 /* Main.storyboard */; };
		6240F38C1B40E36C009185D3 /* Images.xcassets in Resources */ = {isa = PBXBuildFile; fileRef = 6240F38B1B40E36C009185D3 /* Images.xcassets */; };
		6240F38F1B40E36C009185D3 /* LaunchScreen.xib in Resources */ = {isa = PBXBuildFile; fileRef = 6240F38D1B40E36C009185D3 /* LaunchScreen.xib */; };
		6240F39B1B40E36C009185D3 /* BouncerTests.swift in Sources */ = {isa = PBXBuildFile; fileRef = 6240F39A1B40E36C009185D3 /* BouncerTests.swift */; };
		6240F3A51B40E435009185D3 /* ViewController.swift in Sources */ = {isa = PBXBuildFile; fileRef = 6240F3A41B40E435009185D3 /* ViewController.swift */; };
		6240F3A71B40E477009185D3 /* BouncerBehavior.swift in Sources */ = {isa = PBXBuildFile; fileRef = 6240F3A61B40E477009185D3 /* BouncerBehavior.swift */; };
/* End PBXBuildFile section */

/* Begin PBXContainerItemProxy section */
		6240F3951B40E36C009185D3 /* PBXContainerItemProxy */ = {
			isa = PBXContainerItemProxy;
			containerPortal = 6240F3771B40E36C009185D3 /* Project object */;
			proxyType = 1;
			remoteGlobalIDString = 6240F37E1B40E36C009185D3;
			remoteInfo = Bouncer;
		};
/* End PBXContainerItemProxy section */

/* Begin PBXFileReference section */
		6240F37F1B40E36C009185D3 /* Bouncer.app */ = {isa = PBXFileReference; explicitFileType = wrapper.application; includeInIndex = 0; path = Bouncer.app; sourceTree = BUILT_PRODUCTS_DIR; };
		6240F3831B40E36C009185D3 /* Info.plist */ = {isa = PBXFileReference; lastKnownFileType = text.plist.xml; path = Info.plist; sourceTree = "<group>"; };
		6240F3841B40E36C009185D3 /* AppDelegate.swift */ = {isa = PBXFileReference; lastKnownFileType = sourcecode.swift; path = AppDelegate.swift; sourceTree = "<group>"; };
		6240F3891B40E36C009185D3 /* Base */ = {isa = PBXFileReference; lastKnownFileType = file.storyboard; name = Base; path = Base.lproj/Main.storyboard; sourceTree = "<group>"; };
		6240F38B1B40E36C009185D3 /* Images.xcassets */ = {isa = PBXFileReference; lastKnownFileType = folder.assetcatalog; path = Images.xcassets; sourceTree = "<group>"; };
		6240F38E1B40E36C009185D3 /* Base */ = {isa = PBXFileReference; lastKnownFileType = file.xib; name = Base; path = Base.lproj/LaunchScreen.xib; sourceTree = "<group>"; };
		6240F3941B40E36C009185D3 /* BouncerTests.xctest */ = {isa = PBXFileReference; explicitFileType = wrapper.cfbundle; includeInIndex = 0; path = BouncerTests.xctest; sourceTree = BUILT_PRODUCTS_DIR; };
		6240F3991B40E36C009185D3 /* Info.plist */ = {isa = PBXFileReference; lastKnownFileType = text.plist.xml; path = Info.plist; sourceTree = "<group>"; };
		6240F39A1B40E36C009185D3 /* BouncerTests.swift */ = {isa = PBXFileReference; lastKnownFileType = sourcecode.swift; path = BouncerTests.swift; sourceTree = "<group>"; };
		6240F3A41B40E435009185D3 /* ViewController.swift */ = {isa = PBXFileReference; fileEncoding = 4; lastKnownFileType = sourcecode.swift; path = ViewController.swift; sourceTree = "<group>"; };
		6240F3A61B40E477009185D3 /* BouncerBehavior.swift */ = {isa = PBXFileReference; fileEncoding = 4; lastKnownFileType = sourcecode.swift; path = BouncerBehavior.swift; sourceTree = "<group>"; };
/* End PBXFileReference section */

/* Begin PBXFrameworksBuildPhase section */
		6240F37C1B40E36C009185D3 /* Frameworks */ = {
			isa = PBXFrameworksBuildPhase;
			buildActionMask = 2147483647;
			files = (
			);
			runOnlyForDeploymentPostprocessing = 0;
		};
		6240F3911B40E36C009185D3 /* Frameworks */ = {
			isa = PBXFrameworksBuildPhase;
			buildActionMask = 2147483647;
			files = (
			);
			runOnlyForDeploymentPostprocessing = 0;
		};
/* End PBXFrameworksBuildPhase section */

/* Begin PBXGroup section */
		6240F3761B40E36C009185D3 = {
			isa = PBXGroup;
			children = (
				6240F3811B40E36C009185D3 /* Bouncer */,
				6240F3971B40E36C009185D3 /* BouncerTests */,
				6240F3801B40E36C009185D3 /* Products */,
			);
			sourceTree = "<group>";
		};
		6240F3801B40E36C009185D3 /* Products */ = {
			isa = PBXGroup;
			children = (
				6240F37F1B40E36C009185D3 /* Bouncer.app */,
				6240F3941B40E36C009185D3 /* BouncerTests.xctest */,
			);
			name = Products;
			sourceTree = "<group>";
		};
		6240F3811B40E36C009185D3 /* Bouncer */ = {
			isa = PBXGroup;
			children = (
				6240F3A41B40E435009185D3 /* ViewController.swift */,
				6240F3A61B40E477009185D3 /* BouncerBehavior.swift */,
				6240F3841B40E36C009185D3 /* AppDelegate.swift */,
				6240F3881B40E36C009185D3 /* Main.storyboard */,
				6240F38B1B40E36C009185D3 /* Images.xcassets */,
				6240F38D1B40E36C009185D3 /* LaunchScreen.xib */,
				6240F3821B40E36C009185D3 /* Supporting Files */,
			);
			path = Bouncer;
			sourceTree = "<group>";
		};
		6240F3821B40E36C009185D3 /* Supporting Files */ = {
			isa = PBXGroup;
			children = (
				6240F3831B40E36C009185D3 /* Info.plist */,
			);
			name = "Supporting Files";
			sourceTree = "<group>";
		};
		6240F3971B40E36C009185D3 /* BouncerTests */ = {
			isa = PBXGroup;
			children = (
				6240F39A1B40E36C009185D3 /* BouncerTests.swift */,
				6240F3981B40E36C009185D3 /* Supporting Files */,
			);
			path = BouncerTests;
			sourceTree = "<group>";
		};
		6240F3981B40E36C009185D3 /* Supporting Files */ = {
			isa = PBXGroup;
			children = (
				6240F3991B40E36C009185D3 /* Info.plist */,
			);
			name = "Supporting Files";
			sourceTree = "<group>";
		};
/* End PBXGroup section */

/* Begin PBXNativeTarget section */
		6240F37E1B40E36C009185D3 /* Bouncer */ = {
			isa = PBXNativeTarget;
			buildConfigurationList = 6240F39E1B40E36C009185D3 /* Build configuration list for PBXNativeTarget "Bouncer" */;
			buildPhases = (
				6240F37B1B40E36C009185D3 /* Sources */,
				6240F37C1B40E36C009185D3 /* Frameworks */,
				6240F37D1B40E36C009185D3 /* Resources */,
			);
			buildRules = (
			);
			dependencies = (
			);
			name = Bouncer;
			productName = Bouncer;
			productReference = 6240F37F1B40E36C009185D3 /* Bouncer.app */;
			productType = "com.apple.product-type.application";
		};
		6240F3931B40E36C009185D3 /* BouncerTests */ = {
			isa = PBXNativeTarget;
			buildConfigurationList = 6240F3A11B40E36C009185D3 /* Build configuration list for PBXNativeTarget "BouncerTests" */;
			buildPhases = (
				6240F3901B40E36C009185D3 /* Sources */,
				6240F3911B40E36C009185D3 /* Frameworks */,
				6240F3921B40E36C009185D3 /* Resources */,
			);
			buildRules = (
			);
			dependencies = (
				6240F3961B40E36C009185D3 /* PBXTargetDependency */,
			);
			name = BouncerTests;
			productName = BouncerTests;
			productReference = 6240F3941B40E36C009185D3 /* BouncerTests.xctest */;
			productType = "com.apple.product-type.bundle.unit-test";
		};
/* End PBXNativeTarget section */

/* Begin PBXProject section */
		6240F3771B40E36C009185D3 /* Project object */ = {
			isa = PBXProject;
			attributes = {
				LastUpgradeCheck = 0630;
				ORGANIZATIONNAME = "Zhengning Li";
				TargetAttributes = {
					6240F37E1B40E36C009185D3 = {
						CreatedOnToolsVersion = 6.3.2;
					};
					6240F3931B40E36C009185D3 = {
						CreatedOnToolsVersion = 6.3.2;
						TestTargetID = 6240F37E1B40E36C009185D3;
					};
				};
			};
			buildConfigurationList = 6240F37A1B40E36C009185D3 /* Build configuration list for PBXProject "Bouncer" */;
			compatibilityVersion = "Xcode 3.2";
			developmentRegion = English;
			hasScannedForEncodings = 0;
			knownRegions = (
				en,
				Base,
			);
			mainGroup = 6240F3761B40E36C009185D3;
			productRefGroup = 6240F3801B40E36C009185D3 /* Products */;
			projectDirPath = "";
			projectRoot = "";
			targets = (
				6240F37E1B40E36C009185D3 /* Bouncer */,
				6240F3931B40E36C009185D3 /* BouncerTests */,
			);
		};
/* End PBXProject section */

/* Begin PBXResourcesBuildPhase section */
		6240F37D1B40E36C009185D3 /* Resources */ = {
			isa = PBXResourcesBuildPhase;
			buildActionMask = 2147483647;
			files = (
				6240F38A1B40E36C009185D3 /* Main.storyboard in Resources */,
				6240F38F1B40E36C009185D3 /* LaunchScreen.xib in Resources */,
				6240F38C1B40E36C009185D3 /* Images.xcassets in Resources */,
			);
			runOnlyForDeploymentPostprocessing = 0;
		};
		6240F3921B40E36C009185D3 /* Resources */ = {
			isa = PBXResourcesBuildPhase;
			buildActionMask = 2147483647;
			files = (
			);
			runOnlyForDeploymentPostprocessing = 0;
		};
/* End PBXResourcesBuildPhase section */

/* Begin PBXSourcesBuildPhase section */
		6240F37B1B40E36C009185D3 /* Sources */ = {
			isa = PBXSourcesBuildPhase;
			buildActionMask = 2147483647;
			files = (
				6240F3A51B40E435009185D3 /* ViewController.swift in Sources */,
				6240F3851B40E36C009185D3 /* AppDelegate.swift in Sources */,
				6240F3A71B40E477009185D3 /* BouncerBehavior.swift in Sources */,
			);
			runOnlyForDeploymentPostprocessing = 0;
		};
		6240F3901B40E36C009185D3 /* Sources */ = {
			isa = PBXSourcesBuildPhase;
			buildActionMask = 2147483647;
			files = (
				6240F39B1B40E36C009185D3 /* BouncerTests.swift in Sources */,
			);
			runOnlyForDeploymentPostprocessing = 0;
		};
/* End PBXSourcesBuildPhase section */

/* Begin PBXTargetDependency section */
		6240F3961B40E36C009185D3 /* PBXTargetDependency */ = {
			isa = PBXTargetDependency;
			target = 6240F37E1B40E36C009185D3 /* Bouncer */;
			targetProxy = 6240F3951B40E36C009185D3 /* PBXContainerItemProxy */;
		};
/* End PBXTargetDependency section */

/* Begin PBXVariantGroup section */
		6240F3881B40E36C009185D3 /* Main.storyboard */ = {
			isa = PBXVariantGroup;
			children = (
				6240F3891B40E36C009185D3 /* Base */,
			);
			name = Main.storyboard;
			sourceTree = "<group>";
		};
		6240F38D1B40E36C009185D3 /* LaunchScreen.xib */ = {
			isa = PBXVariantGroup;
			children = (
				6240F38E1B40E36C009185D3 /* Base */,
			);
			name = LaunchScreen.xib;
			sourceTree = "<group>";
		};
/* End PBXVariantGroup section */

/* Begin XCBuildConfiguration section */
		6240F39C1B40E36C009185D3 /* Debug */ = {
			isa = XCBuildConfiguration;
			buildSettings = {
				ALWAYS_SEARCH_USER_PATHS = NO;
				CLANG_CXX_LANGUAGE_STANDARD = "gnu++0x";
				CLANG_CXX_LIBRARY = "libc++";
				CLANG_ENABLE_MODULES = YES;
				CLANG_ENABLE_OBJC_ARC = YES;
				CLANG_WARN_BOOL_CONVERSION = YES;
				CLANG_WARN_CONSTANT_CONVERSION = YES;
				CLANG_WARN_DIRECT_OBJC_ISA_USAGE = YES_ERROR;
				CLANG_WARN_EMPTY_BODY = YES;
				CLANG_WARN_ENUM_CONVERSION = YES;
				CLANG_WARN_INT_CONVERSION = YES;
				CLANG_WARN_OBJC_ROOT_CLASS = YES_ERROR;
				CLANG_WARN_UNREACHABLE_CODE = YES;
				CLANG_WARN__DUPLICATE_METHOD_MATCH = YES;
				"CODE_SIGN_IDENTITY[sdk=iphoneos*]" = "iPhone Developer";
				COPY_PHASE_STRIP = NO;
				DEBUG_INFORMATION_FORMAT = "dwarf-with-dsym";
				ENABLE_STRICT_OBJC_MSGSEND = YES;
				GCC_C_LANGUAGE_STANDARD = gnu99;
				GCC_DYNAMIC_NO_PIC = NO;
				GCC_NO_COMMON_BLOCKS = YES;
				GCC_OPTIMIZATION_LEVEL = 0;
				GCC_PREPROCESSOR_DEFINITIONS = (
					"DEBUG=1",
					"$(inherited)",
				);
				GCC_SYMBOLS_PRIVATE_EXTERN = NO;
				GCC_WARN_64_TO_32_BIT_CONVERSION = YES;
				GCC_WARN_ABOUT_RETURN_TYPE = YES_ERROR;
				GCC_WARN_UNDECLARED_SELECTOR = YES;
				GCC_WARN_UNINITIALIZED_AUTOS = YES_AGGRESSIVE;
				GCC_WARN_UNUSED_FUNCTION = YES;
				GCC_WARN_UNUSED_VARIABLE = YES;
				IPHONEOS_DEPLOYMENT_TARGET = 8.3;
				MTL_ENABLE_DEBUG_INFO = YES;
				ONLY_ACTIVE_ARCH = YES;
				SDKROOT = iphoneos;
				SWIFT_OPTIMIZATION_LEVEL = "-Onone";
				TARGETED_DEVICE_FAMILY = "1,2";
			};
			name = Debug;
		};
		6240F39D1B40E36C009185D3 /* Release */ = {
			isa = XCBuildConfiguration;
			buildSettings = {
				ALWAYS_SEARCH_USER_PATHS = NO;
				CLANG_CXX_LANGUAGE_STANDARD = "gnu++0x";
				CLANG_CXX_LIBRARY = "libc++";
				CLANG_ENABLE_MODULES = YES;
				CLANG_ENABLE_OBJC_ARC = YES;
				CLANG_WARN_BOOL_CONVERSION = YES;
				CLANG_WARN_CONSTANT_CONVERSION = YES;
				CLANG_WARN_DIRECT_OBJC_ISA_USAGE = YES_ERROR;
				CLANG_WARN_EMPTY_BODY = YES;
				CLANG_WARN_ENUM_CONVERSION = YES;
				CLANG_WARN_INT_CONVERSION = YES;
				CLANG_WARN_OBJC_ROOT_CLASS = YES_ERROR;
				CLANG_WARN_UNREACHABLE_CODE = YES;
				CLANG_WARN__DUPLICATE_METHOD_MATCH = YES;
				"CODE_SIGN_IDENTITY[sdk=iphoneos*]" = "iPhone Developer";
				COPY_PHASE_STRIP = NO;
				DEBUG_INFORMATION_FORMAT = "dwarf-with-dsym";
				ENABLE_NS_ASSERTIONS = NO;
				ENABLE_STRICT_OBJC_MSGSEND = YES;
				GCC_C_LANGUAGE_STANDARD = gnu99;
				GCC_NO_COMMON_BLOCKS = YES;
				GCC_WARN_64_TO_32_BIT_CONVERSION = YES;
				GCC_WARN_ABOUT_RETURN_TYPE = YES_ERROR;
				GCC_WARN_UNDECLARED_SELECTOR = YES;
				GCC_WARN_UNINITIALIZED_AUTOS = YES_AGGRESSIVE;
				GCC_WARN_UNUSED_FUNCTION = YES;
				GCC_WARN_UNUSED_VARIABLE = YES;
				IPHONEOS_DEPLOYMENT_TARGET = 8.3;
				MTL_ENABLE_DEBUG_INFO = NO;
				SDKROOT = iphoneos;
				TARGETED_DEVICE_FAMILY = "1,2";
				VALIDATE_PRODUCT = YES;
			};
			name = Release;
		};
		6240F39F1B40E36C009185D3 /* Debug */ = {
			isa = XCBuildConfiguration;
			buildSettings = {
				ASSETCATALOG_COMPILER_APPICON_NAME = AppIcon;
				INFOPLIST_FILE = Bouncer/Info.plist;
				LD_RUNPATH_SEARCH_PATHS = "$(inherited) @executable_path/Frameworks";
				PRODUCT_NAME = "$(TARGET_NAME)";
			};
			name = Debug;
		};
		6240F3A01B40E36C009185D3 /* Release */ = {
			isa = XCBuildConfiguration;
			buildSettings = {
				ASSETCATALOG_COMPILER_APPICON_NAME = AppIcon;
				INFOPLIST_FILE = Bouncer/Info.plist;
				LD_RUNPATH_SEARCH_PATHS = "$(inherited) @executable_path/Frameworks";
				PRODUCT_NAME = "$(TARGET_NAME)";
			};
			name = Release;
		};
		6240F3A21B40E36C009185D3 /* Debug */ = {
			isa = XCBuildConfiguration;
			buildSettings = {
				BUNDLE_LOADER = "$(TEST_HOST)";
				FRAMEWORK_SEARCH_PATHS = (
					"$(SDKROOT)/Developer/Library/Frameworks",
					"$(inherited)",
				);
				GCC_PREPROCESSOR_DEFINITIONS = (
					"DEBUG=1",
					"$(inherited)",
				);
				INFOPLIST_FILE = BouncerTests/Info.plist;
				LD_RUNPATH_SEARCH_PATHS = "$(inherited) @executable_path/Frameworks @loader_path/Frameworks";
				PRODUCT_NAME = "$(TARGET_NAME)";
				TEST_HOST = "$(BUILT_PRODUCTS_DIR)/Bouncer.app/Bouncer";
			};
			name = Debug;
		};
		6240F3A31B40E36C009185D3 /* Release */ = {
			isa = XCBuildConfiguration;
			buildSettings = {
				BUNDLE_LOADER = "$(TEST_HOST)";
				FRAMEWORK_SEARCH_PATHS = (
					"$(SDKROOT)/Developer/Library/Frameworks",
					"$(inherited)",
				);
				INFOPLIST_FILE = BouncerTests/Info.plist;
				LD_RUNPATH_SEARCH_PATHS = "$(inherited) @executable_path/Frameworks @loader_path/Frameworks";
				PRODUCT_NAME = "$(TARGET_NAME)";
				TEST_HOST = "$(BUILT_PRODUCTS_DIR)/Bouncer.app/Bouncer";
			};
			name = Release;
		};
/* End XCBuildConfiguration section */

/* Begin XCConfigurationList section */
		6240F37A1B40E36C009185D3 /* Build configuration list for PBXProject "Bouncer" */ = {
			isa = XCConfigurationList;
			buildConfigurations = (
				6240F39C1B40E36C009185D3 /* Debug */,
				6240F39D1B40E36C009185D3 /* Release */,
			);
			defaultConfigurationIsVisible = 0;
			defaultConfigurationName = Release;
		};
		6240F39E1B40E36C009185D3 /* Build configuration list for PBXNativeTarget "Bouncer" */ = {
			isa = XCConfigurationList;
			buildConfigurations = (
				6240F39F1B40E36C009185D3 /* Debug */,
				6240F3A01B40E36C009185D3 /* Release */,
			);
			defaultConfigurationIsVisible = 0;
		};
		6240F3A11B40E36C009185D3 /* Build configuration list for PBXNativeTarget "BouncerTests" */ = {
			isa = XCConfigurationList;
			buildConfigurations = (
				6240F3A21B40E36C009185D3 /* Debug */,
				6240F3A31B40E36C009185D3 /* Release */,
			);
			defaultConfigurationIsVisible = 0;
		};
/* End XCConfigurationList section */
	};
	rootObject = 6240F3771B40E36C009185D3 /* Project object */;
}
