// !$*UTF8*$!
{
	archiveVersion = 1;
	classes = {
	};
	objectVersion = 46;
	objects = {

/* Begin PBXBuildFile section */
		62F3474B1B24DB9F002D1D5A /* AppDelegate.swift in Sources */ = {isa = PBXBuildFile; fileRef = 62F3474A1B24DB9F002D1D5A /* AppDelegate.swift */; };
		62F3474D1B24DB9F002D1D5A /* RollViewController.swift in Sources */ = {isa = PBXBuildFile; fileRef = 62F3474C1B24DB9F002D1D5A /* RollViewController.swift */; };
		62F347501B24DB9F002D1D5A /* Main.storyboard in Resources */ = {isa = PBXBuildFile; fileRef = 62F3474E1B24DB9F002D1D5A /* Main.storyboard */; };
		62F347521B24DB9F002D1D5A /* Images.xcassets in Resources */ = {isa = PBXBuildFile; fileRef = 62F347511B24DB9F002D1D5A /* Images.xcassets */; };
		62F347551B24DB9F002D1D5A /* LaunchScreen.xib in Resources */ = {isa = PBXBuildFile; fileRef = 62F347531B24DB9F002D1D5A /* LaunchScreen.xib */; };
		62F347611B24DB9F002D1D5A /* RollDiceTests.swift in Sources */ = {isa = PBXBuildFile; fileRef = 62F347601B24DB9F002D1D5A /* RollDiceTests.swift */; };
		62F3476B1B24DDCD002D1D5A /* DiceViewController.swift in Sources */ = {isa = PBXBuildFile; fileRef = 62F3476A1B24DDCD002D1D5A /* DiceViewController.swift */; };
/* End PBXBuildFile section */

/* Begin PBXContainerItemProxy section */
		62F3475B1B24DB9F002D1D5A /* PBXContainerItemProxy */ = {
			isa = PBXContainerItemProxy;
			containerPortal = 62F3473D1B24DB9F002D1D5A /* Project object */;
			proxyType = 1;
			remoteGlobalIDString = 62F347441B24DB9F002D1D5A;
			remoteInfo = RollDice;
		};
/* End PBXContainerItemProxy section */

/* Begin PBXFileReference section */
		62F347451B24DB9F002D1D5A /* RollDice.app */ = {isa = PBXFileReference; explicitFileType = wrapper.application; includeInIndex = 0; path = RollDice.app; sourceTree = BUILT_PRODUCTS_DIR; };
		62F347491B24DB9F002D1D5A /* Info.plist */ = {isa = PBXFileReference; lastKnownFileType = text.plist.xml; path = Info.plist; sourceTree = "<group>"; };
		62F3474A1B24DB9F002D1D5A /* AppDelegate.swift */ = {isa = PBXFileReference; lastKnownFileType = sourcecode.swift; path = AppDelegate.swift; sourceTree = "<group>"; };
		62F3474C1B24DB9F002D1D5A /* RollViewController.swift */ = {isa = PBXFileReference; lastKnownFileType = sourcecode.swift; path = RollViewController.swift; sourceTree = "<group>"; };
		62F3474F1B24DB9F002D1D5A /* Base */ = {isa = PBXFileReference; lastKnownFileType = file.storyboard; name = Base; path = Base.lproj/Main.storyboard; sourceTree = "<group>"; };
		62F347511B24DB9F002D1D5A /* Images.xcassets */ = {isa = PBXFileReference; lastKnownFileType = folder.assetcatalog; path = Images.xcassets; sourceTree = "<group>"; };
		62F347541B24DB9F002D1D5A /* Base */ = {isa = PBXFileReference; lastKnownFileType = file.xib; name = Base; path = Base.lproj/LaunchScreen.xib; sourceTree = "<group>"; };
		62F3475A1B24DB9F002D1D5A /* RollDiceTests.xctest */ = {isa = PBXFileReference; explicitFileType = wrapper.cfbundle; includeInIndex = 0; path = RollDiceTests.xctest; sourceTree = BUILT_PRODUCTS_DIR; };
		62F3475F1B24DB9F002D1D5A /* Info.plist */ = {isa = PBXFileReference; lastKnownFileType = text.plist.xml; path = Info.plist; sourceTree = "<group>"; };
		62F347601B24DB9F002D1D5A /* RollDiceTests.swift */ = {isa = PBXFileReference; lastKnownFileType = sourcecode.swift; path = RollDiceTests.swift; sourceTree = "<group>"; };
		62F3476A1B24DDCD002D1D5A /* DiceViewController.swift */ = {isa = PBXFileReference; fileEncoding = 4; lastKnownFileType = sourcecode.swift; path = DiceViewController.swift; sourceTree = "<group>"; };
/* End PBXFileReference section */

/* Begin PBXFrameworksBuildPhase section */
		62F347421B24DB9F002D1D5A /* Frameworks */ = {
			isa = PBXFrameworksBuildPhase;
			buildActionMask = 2147483647;
			files = (
			);
			runOnlyForDeploymentPostprocessing = 0;
		};
		62F347571B24DB9F002D1D5A /* Frameworks */ = {
			isa = PBXFrameworksBuildPhase;
			buildActionMask = 2147483647;
			files = (
			);
			runOnlyForDeploymentPostprocessing = 0;
		};
/* End PBXFrameworksBuildPhase section */

/* Begin PBXGroup section */
		62F3473C1B24DB9E002D1D5A = {
			isa = PBXGroup;
			children = (
				62F347471B24DB9F002D1D5A /* RollDice */,
				62F3475D1B24DB9F002D1D5A /* RollDiceTests */,
				62F347461B24DB9F002D1D5A /* Products */,
			);
			sourceTree = "<group>";
		};
		62F347461B24DB9F002D1D5A /* Products */ = {
			isa = PBXGroup;
			children = (
				62F347451B24DB9F002D1D5A /* RollDice.app */,
				62F3475A1B24DB9F002D1D5A /* RollDiceTests.xctest */,
			);
			name = Products;
			sourceTree = "<group>";
		};
		62F347471B24DB9F002D1D5A /* RollDice */ = {
			isa = PBXGroup;
			children = (
				62F3474A1B24DB9F002D1D5A /* AppDelegate.swift */,
				62F3476A1B24DDCD002D1D5A /* DiceViewController.swift */,
				62F3474C1B24DB9F002D1D5A /* RollViewController.swift */,
				62F3474E1B24DB9F002D1D5A /* Main.storyboard */,
				62F347511B24DB9F002D1D5A /* Images.xcassets */,
				62F347531B24DB9F002D1D5A /* LaunchScreen.xib */,
				62F347481B24DB9F002D1D5A /* Supporting Files */,
			);
			path = RollDice;
			sourceTree = "<group>";
		};
		62F347481B24DB9F002D1D5A /* Supporting Files */ = {
			isa = PBXGroup;
			children = (
				62F347491B24DB9F002D1D5A /* Info.plist */,
			);
			name = "Supporting Files";
			sourceTree = "<group>";
		};
		62F3475D1B24DB9F002D1D5A /* RollDiceTests */ = {
			isa = PBXGroup;
			children = (
				62F347601B24DB9F002D1D5A /* RollDiceTests.swift */,
				62F3475E1B24DB9F002D1D5A /* Supporting Files */,
			);
			path = RollDiceTests;
			sourceTree = "<group>";
		};
		62F3475E1B24DB9F002D1D5A /* Supporting Files */ = {
			isa = PBXGroup;
			children = (
				62F3475F1B24DB9F002D1D5A /* Info.plist */,
			);
			name = "Supporting Files";
			sourceTree = "<group>";
		};
/* End PBXGroup section */

/* Begin PBXNativeTarget section */
		62F347441B24DB9F002D1D5A /* RollDice */ = {
			isa = PBXNativeTarget;
			buildConfigurationList = 62F347641B24DB9F002D1D5A /* Build configuration list for PBXNativeTarget "RollDice" */;
			buildPhases = (
				62F347411B24DB9F002D1D5A /* Sources */,
				62F347421B24DB9F002D1D5A /* Frameworks */,
				62F347431B24DB9F002D1D5A /* Resources */,
			);
			buildRules = (
			);
			dependencies = (
			);
			name = RollDice;
			productName = RollDice;
			productReference = 62F347451B24DB9F002D1D5A /* RollDice.app */;
			productType = "com.apple.product-type.application";
		};
		62F347591B24DB9F002D1D5A /* RollDiceTests */ = {
			isa = PBXNativeTarget;
			buildConfigurationList = 62F347671B24DB9F002D1D5A /* Build configuration list for PBXNativeTarget "RollDiceTests" */;
			buildPhases = (
				62F347561B24DB9F002D1D5A /* Sources */,
				62F347571B24DB9F002D1D5A /* Frameworks */,
				62F347581B24DB9F002D1D5A /* Resources */,
			);
			buildRules = (
			);
			dependencies = (
				62F3475C1B24DB9F002D1D5A /* PBXTargetDependency */,
			);
			name = RollDiceTests;
			productName = RollDiceTests;
			productReference = 62F3475A1B24DB9F002D1D5A /* RollDiceTests.xctest */;
			productType = "com.apple.product-type.bundle.unit-test";
		};
/* End PBXNativeTarget section */

/* Begin PBXProject section */
		62F3473D1B24DB9F002D1D5A /* Project object */ = {
			isa = PBXProject;
			attributes = {
				LastUpgradeCheck = 0630;
				ORGANIZATIONNAME = "Zhengning Li";
				TargetAttributes = {
					62F347441B24DB9F002D1D5A = {
						CreatedOnToolsVersion = 6.3.2;
					};
					62F347591B24DB9F002D1D5A = {
						CreatedOnToolsVersion = 6.3.2;
						TestTargetID = 62F347441B24DB9F002D1D5A;
					};
				};
			};
			buildConfigurationList = 62F347401B24DB9F002D1D5A /* Build configuration list for PBXProject "RollDice" */;
			compatibilityVersion = "Xcode 3.2";
			developmentRegion = English;
			hasScannedForEncodings = 0;
			knownRegions = (
				en,
				Base,
			);
			mainGroup = 62F3473C1B24DB9E002D1D5A;
			productRefGroup = 62F347461B24DB9F002D1D5A /* Products */;
			projectDirPath = "";
			projectRoot = "";
			targets = (
				62F347441B24DB9F002D1D5A /* RollDice */,
				62F347591B24DB9F002D1D5A /* RollDiceTests */,
			);
		};
/* End PBXProject section */

/* Begin PBXResourcesBuildPhase section */
		62F347431B24DB9F002D1D5A /* Resources */ = {
			isa = PBXResourcesBuildPhase;
			buildActionMask = 2147483647;
			files = (
				62F347501B24DB9F002D1D5A /* Main.storyboard in Resources */,
				62F347551B24DB9F002D1D5A /* LaunchScreen.xib in Resources */,
				62F347521B24DB9F002D1D5A /* Images.xcassets in Resources */,
			);
			runOnlyForDeploymentPostprocessing = 0;
		};
		62F347581B24DB9F002D1D5A /* Resources */ = {
			isa = PBXResourcesBuildPhase;
			buildActionMask = 2147483647;
			files = (
			);
			runOnlyForDeploymentPostprocessing = 0;
		};
/* End PBXResourcesBuildPhase section */

/* Begin PBXSourcesBuildPhase section */
		62F347411B24DB9F002D1D5A /* Sources */ = {
			isa = PBXSourcesBuildPhase;
			buildActionMask = 2147483647;
			files = (
				62F3474D1B24DB9F002D1D5A /* RollViewController.swift in Sources */,
				62F3476B1B24DDCD002D1D5A /* DiceViewController.swift in Sources */,
				62F3474B1B24DB9F002D1D5A /* AppDelegate.swift in Sources */,
			);
			runOnlyForDeploymentPostprocessing = 0;
		};
		62F347561B24DB9F002D1D5A /* Sources */ = {
			isa = PBXSourcesBuildPhase;
			buildActionMask = 2147483647;
			files = (
				62F347611B24DB9F002D1D5A /* RollDiceTests.swift in Sources */,
			);
			runOnlyForDeploymentPostprocessing = 0;
		};
/* End PBXSourcesBuildPhase section */

/* Begin PBXTargetDependency section */
		62F3475C1B24DB9F002D1D5A /* PBXTargetDependency */ = {
			isa = PBXTargetDependency;
			target = 62F347441B24DB9F002D1D5A /* RollDice */;
			targetProxy = 62F3475B1B24DB9F002D1D5A /* PBXContainerItemProxy */;
		};
/* End PBXTargetDependency section */

/* Begin PBXVariantGroup section */
		62F3474E1B24DB9F002D1D5A /* Main.storyboard */ = {
			isa = PBXVariantGroup;
			children = (
				62F3474F1B24DB9F002D1D5A /* Base */,
			);
			name = Main.storyboard;
			sourceTree = "<group>";
		};
		62F347531B24DB9F002D1D5A /* LaunchScreen.xib */ = {
			isa = PBXVariantGroup;
			children = (
				62F347541B24DB9F002D1D5A /* Base */,
			);
			name = LaunchScreen.xib;
			sourceTree = "<group>";
		};
/* End PBXVariantGroup section */

/* Begin XCBuildConfiguration section */
		62F347621B24DB9F002D1D5A /* Debug */ = {
			isa = XCBuildConfiguration;
			buildSettings = {
				ALWAYS_SEARCH_USER_PATHS = NO;
				CLANG_CXX_LANGUAGE_STANDARD = "gnu++0x";
				CLANG_CXX_LIBRARY = "libc++";
				CLANG_ENABLE_MODULES = YES;
				CLANG_ENABLE_OBJC_ARC = YES;
				CLANG_WARN_BOOL_CONVERSION = YES;
				CLANG_WARN_CONSTANT_CONVERSION = YES;
				CLANG_WARN_DIRECT_OBJC_ISA_USAGE = YES_ERROR;
				CLANG_WARN_EMPTY_BODY = YES;
				CLANG_WARN_ENUM_CONVERSION = YES;
				CLANG_WARN_INT_CONVERSION = YES;
				CLANG_WARN_OBJC_ROOT_CLASS = YES_ERROR;
				CLANG_WARN_UNREACHABLE_CODE = YES;
				CLANG_WARN__DUPLICATE_METHOD_MATCH = YES;
				"CODE_SIGN_IDENTITY[sdk=iphoneos*]" = "iPhone Developer";
				COPY_PHASE_STRIP = NO;
				DEBUG_INFORMATION_FORMAT = "dwarf-with-dsym";
				ENABLE_STRICT_OBJC_MSGSEND = YES;
				GCC_C_LANGUAGE_STANDARD = gnu99;
				GCC_DYNAMIC_NO_PIC = NO;
				GCC_NO_COMMON_BLOCKS = YES;
				GCC_OPTIMIZATION_LEVEL = 0;
				GCC_PREPROCESSOR_DEFINITIONS = (
					"DEBUG=1",
					"$(inherited)",
				);
				GCC_SYMBOLS_PRIVATE_EXTERN = NO;
				GCC_WARN_64_TO_32_BIT_CONVERSION = YES;
				GCC_WARN_ABOUT_RETURN_TYPE = YES_ERROR;
				GCC_WARN_UNDECLARED_SELECTOR = YES;
				GCC_WARN_UNINITIALIZED_AUTOS = YES_AGGRESSIVE;
				GCC_WARN_UNUSED_FUNCTION = YES;
				GCC_WARN_UNUSED_VARIABLE = YES;
				IPHONEOS_DEPLOYMENT_TARGET = 8.3;
				MTL_ENABLE_DEBUG_INFO = YES;
				ONLY_ACTIVE_ARCH = YES;
				SDKROOT = iphoneos;
				SWIFT_OPTIMIZATION_LEVEL = "-Onone";
			};
			name = Debug;
		};
		62F347631B24DB9F002D1D5A /* Release */ = {
			isa = XCBuildConfiguration;
			buildSettings = {
				ALWAYS_SEARCH_USER_PATHS = NO;
				CLANG_CXX_LANGUAGE_STANDARD = "gnu++0x";
				CLANG_CXX_LIBRARY = "libc++";
				CLANG_ENABLE_MODULES = YES;
				CLANG_ENABLE_OBJC_ARC = YES;
				CLANG_WARN_BOOL_CONVERSION = YES;
				CLANG_WARN_CONSTANT_CONVERSION = YES;
				CLANG_WARN_DIRECT_OBJC_ISA_USAGE = YES_ERROR;
				CLANG_WARN_EMPTY_BODY = YES;
				CLANG_WARN_ENUM_CONVERSION = YES;
				CLANG_WARN_INT_CONVERSION = YES;
				CLANG_WARN_OBJC_ROOT_CLASS = YES_ERROR;
				CLANG_WARN_UNREACHABLE_CODE = YES;
				CLANG_WARN__DUPLICATE_METHOD_MATCH = YES;
				"CODE_SIGN_IDENTITY[sdk=iphoneos*]" = "iPhone Developer";
				COPY_PHASE_STRIP = NO;
				DEBUG_INFORMATION_FORMAT = "dwarf-with-dsym";
				ENABLE_NS_ASSERTIONS = NO;
				ENABLE_STRICT_OBJC_MSGSEND = YES;
				GCC_C_LANGUAGE_STANDARD = gnu99;
				GCC_NO_COMMON_BLOCKS = YES;
				GCC_WARN_64_TO_32_BIT_CONVERSION = YES;
				GCC_WARN_ABOUT_RETURN_TYPE = YES_ERROR;
				GCC_WARN_UNDECLARED_SELECTOR = YES;
				GCC_WARN_UNINITIALIZED_AUTOS = YES_AGGRESSIVE;
				GCC_WARN_UNUSED_FUNCTION = YES;
				GCC_WARN_UNUSED_VARIABLE = YES;
				IPHONEOS_DEPLOYMENT_TARGET = 8.3;
				MTL_ENABLE_DEBUG_INFO = NO;
				SDKROOT = iphoneos;
				VALIDATE_PRODUCT = YES;
			};
			name = Release;
		};
		62F347651B24DB9F002D1D5A /* Debug */ = {
			isa = XCBuildConfiguration;
			buildSettings = {
				ASSETCATALOG_COMPILER_APPICON_NAME = AppIcon;
				INFOPLIST_FILE = RollDice/Info.plist;
				LD_RUNPATH_SEARCH_PATHS = "$(inherited) @executable_path/Frameworks";
				PRODUCT_NAME = "$(TARGET_NAME)";
			};
			name = Debug;
		};
		62F347661B24DB9F002D1D5A /* Release */ = {
			isa = XCBuildConfiguration;
			buildSettings = {
				ASSETCATALOG_COMPILER_APPICON_NAME = AppIcon;
				INFOPLIST_FILE = RollDice/Info.plist;
				LD_RUNPATH_SEARCH_PATHS = "$(inherited) @executable_path/Frameworks";
				PRODUCT_NAME = "$(TARGET_NAME)";
			};
			name = Release;
		};
		62F347681B24DB9F002D1D5A /* Debug */ = {
			isa = XCBuildConfiguration;
			buildSettings = {
				BUNDLE_LOADER = "$(TEST_HOST)";
				FRAMEWORK_SEARCH_PATHS = (
					"$(SDKROOT)/Developer/Library/Frameworks",
					"$(inherited)",
				);
				GCC_PREPROCESSOR_DEFINITIONS = (
					"DEBUG=1",
					"$(inherited)",
				);
				INFOPLIST_FILE = RollDiceTests/Info.plist;
				LD_RUNPATH_SEARCH_PATHS = "$(inherited) @executable_path/Frameworks @loader_path/Frameworks";
				PRODUCT_NAME = "$(TARGET_NAME)";
				TEST_HOST = "$(BUILT_PRODUCTS_DIR)/RollDice.app/RollDice";
			};
			name = Debug;
		};
		62F347691B24DB9F002D1D5A /* Release */ = {
			isa = XCBuildConfiguration;
			buildSettings = {
				BUNDLE_LOADER = "$(TEST_HOST)";
				FRAMEWORK_SEARCH_PATHS = (
					"$(SDKROOT)/Developer/Library/Frameworks",
					"$(inherited)",
				);
				INFOPLIST_FILE = RollDiceTests/Info.plist;
				LD_RUNPATH_SEARCH_PATHS = "$(inherited) @executable_path/Frameworks @loader_path/Frameworks";
				PRODUCT_NAME = "$(TARGET_NAME)";
				TEST_HOST = "$(BUILT_PRODUCTS_DIR)/RollDice.app/RollDice";
			};
			name = Release;
		};
/* End XCBuildConfiguration section */

/* Begin XCConfigurationList section */
		62F347401B24DB9F002D1D5A /* Build configuration list for PBXProject "RollDice" */ = {
			isa = XCConfigurationList;
			buildConfigurations = (
				62F347621B24DB9F002D1D5A /* Debug */,
				62F347631B24DB9F002D1D5A /* Release */,
			);
			defaultConfigurationIsVisible = 0;
			defaultConfigurationName = Release;
		};
		62F347641B24DB9F002D1D5A /* Build configuration list for PBXNativeTarget "RollDice" */ = {
			isa = XCConfigurationList;
			buildConfigurations = (
				62F347651B24DB9F002D1D5A /* Debug */,
				62F347661B24DB9F002D1D5A /* Release */,
			);
			defaultConfigurationIsVisible = 0;
		};
		62F347671B24DB9F002D1D5A /* Build configuration list for PBXNativeTarget "RollDiceTests" */ = {
			isa = XCConfigurationList;
			buildConfigurations = (
				62F347681B24DB9F002D1D5A /* Debug */,
				62F347691B24DB9F002D1D5A /* Release */,
			);
			defaultConfigurationIsVisible = 0;
		};
/* End XCConfigurationList section */
	};
	rootObject = 62F3473D1B24DB9F002D1D5A /* Project object */;
}
