// !$*UTF8*$!
{
	archiveVersion = 1;
	classes = {
	};
	objectVersion = 46;
	objects = {

/* Begin PBXBuildFile section */
		6240F3BE1B420C83009185D3 /* AppDelegate.swift in Sources */ = {isa = PBXBuildFile; fileRef = 6240F3BD1B420C83009185D3 /* AppDelegate.swift */; };
		6240F3C31B420C83009185D3 /* Main.storyboard in Resources */ = {isa = PBXBuildFile; fileRef = 6240F3C11B420C83009185D3 /* Main.storyboard */; };
		6240F3C51B420C83009185D3 /* Images.xcassets in Resources */ = {isa = PBXBuildFile; fileRef = 6240F3C41B420C83009185D3 /* Images.xcassets */; };
		6240F3C81B420C83009185D3 /* LaunchScreen.xib in Resources */ = {isa = PBXBuildFile; fileRef = 6240F3C61B420C83009185D3 /* LaunchScreen.xib */; };
		6240F3D41B420C83009185D3 /* SmashTagTests.swift in Sources */ = {isa = PBXBuildFile; fileRef = 6240F3D31B420C83009185D3 /* SmashTagTests.swift */; };
		6240F3DE1B420CC6009185D3 /* TweetTableViewController.swift in Sources */ = {isa = PBXBuildFile; fileRef = 6240F3DD1B420CC6009185D3 /* TweetTableViewController.swift */; };
		6240F3E41B420D27009185D3 /* MediaItem.swift in Sources */ = {isa = PBXBuildFile; fileRef = 6240F3E01B420D27009185D3 /* MediaItem.swift */; };
		6240F3E51B420D27009185D3 /* Tweet.swift in Sources */ = {isa = PBXBuildFile; fileRef = 6240F3E11B420D27009185D3 /* Tweet.swift */; };
		6240F3E61B420D27009185D3 /* TwitterRequest.swift in Sources */ = {isa = PBXBuildFile; fileRef = 6240F3E21B420D27009185D3 /* TwitterRequest.swift */; };
		6240F3E71B420D27009185D3 /* User.swift in Sources */ = {isa = PBXBuildFile; fileRef = 6240F3E31B420D27009185D3 /* User.swift */; };
		6240F3E91B42114F009185D3 /* TweetTableViewCell.swift in Sources */ = {isa = PBXBuildFile; fileRef = 6240F3E81B42114F009185D3 /* TweetTableViewCell.swift */; };
/* End PBXBuildFile section */

/* Begin PBXContainerItemProxy section */
		6240F3CE1B420C83009185D3 /* PBXContainerItemProxy */ = {
			isa = PBXContainerItemProxy;
			containerPortal = 6240F3B01B420C83009185D3 /* Project object */;
			proxyType = 1;
			remoteGlobalIDString = 6240F3B71B420C83009185D3;
			remoteInfo = SmashTag;
		};
/* End PBXContainerItemProxy section */

/* Begin PBXFileReference section */
		6240F3B81B420C83009185D3 /* SmashTag.app */ = {isa = PBXFileReference; explicitFileType = wrapper.application; includeInIndex = 0; path = SmashTag.app; sourceTree = BUILT_PRODUCTS_DIR; };
		6240F3BC1B420C83009185D3 /* Info.plist */ = {isa = PBXFileReference; lastKnownFileType = text.plist.xml; path = Info.plist; sourceTree = "<group>"; };
		6240F3BD1B420C83009185D3 /* AppDelegate.swift */ = {isa = PBXFileReference; lastKnownFileType = sourcecode.swift; path = AppDelegate.swift; sourceTree = "<group>"; };
		6240F3C21B420C83009185D3 /* Base */ = {isa = PBXFileReference; lastKnownFileType = file.storyboard; name = Base; path = Base.lproj/Main.storyboard; sourceTree = "<group>"; };
		6240F3C41B420C83009185D3 /* Images.xcassets */ = {isa = PBXFileReference; lastKnownFileType = folder.assetcatalog; path = Images.xcassets; sourceTree = "<group>"; };
		6240F3C71B420C83009185D3 /* Base */ = {isa = PBXFileReference; lastKnownFileType = file.xib; name = Base; path = Base.lproj/LaunchScreen.xib; sourceTree = "<group>"; };
		6240F3CD1B420C83009185D3 /* SmashTagTests.xctest */ = {isa = PBXFileReference; explicitFileType = wrapper.cfbundle; includeInIndex = 0; path = SmashTagTests.xctest; sourceTree = BUILT_PRODUCTS_DIR; };
		6240F3D21B420C83009185D3 /* Info.plist */ = {isa = PBXFileReference; lastKnownFileType = text.plist.xml; path = Info.plist; sourceTree = "<group>"; };
		6240F3D31B420C83009185D3 /* SmashTagTests.swift */ = {isa = PBXFileReference; lastKnownFileType = sourcecode.swift; path = SmashTagTests.swift; sourceTree = "<group>"; };
		6240F3DD1B420CC6009185D3 /* TweetTableViewController.swift */ = {isa = PBXFileReference; fileEncoding = 4; lastKnownFileType = sourcecode.swift; path = TweetTableViewController.swift; sourceTree = "<group>"; };
		6240F3E01B420D27009185D3 /* MediaItem.swift */ = {isa = PBXFileReference; fileEncoding = 4; lastKnownFileType = sourcecode.swift; path = MediaItem.swift; sourceTree = "<group>"; };
		6240F3E11B420D27009185D3 /* Tweet.swift */ = {isa = PBXFileReference; fileEncoding = 4; lastKnownFileType = sourcecode.swift; path = Tweet.swift; sourceTree = "<group>"; };
		6240F3E21B420D27009185D3 /* TwitterRequest.swift */ = {isa = PBXFileReference; fileEncoding = 4; lastKnownFileType = sourcecode.swift; path = TwitterRequest.swift; sourceTree = "<group>"; };
		6240F3E31B420D27009185D3 /* User.swift */ = {isa = PBXFileReference; fileEncoding = 4; lastKnownFileType = sourcecode.swift; path = User.swift; sourceTree = "<group>"; };
		6240F3E81B42114F009185D3 /* TweetTableViewCell.swift */ = {isa = PBXFileReference; fileEncoding = 4; lastKnownFileType = sourcecode.swift; path = TweetTableViewCell.swift; sourceTree = "<group>"; };
/* End PBXFileReference section */

/* Begin PBXFrameworksBuildPhase section */
		6240F3B51B420C83009185D3 /* Frameworks */ = {
			isa = PBXFrameworksBuildPhase;
			buildActionMask = 2147483647;
			files = (
			);
			runOnlyForDeploymentPostprocessing = 0;
		};
		6240F3CA1B420C83009185D3 /* Frameworks */ = {
			isa = PBXFrameworksBuildPhase;
			buildActionMask = 2147483647;
			files = (
			);
			runOnlyForDeploymentPostprocessing = 0;
		};
/* End PBXFrameworksBuildPhase section */

/* Begin PBXGroup section */
		6240F3AF1B420C83009185D3 = {
			isa = PBXGroup;
			children = (
				6240F3BA1B420C83009185D3 /* SmashTag */,
				6240F3D01B420C83009185D3 /* SmashTagTests */,
				6240F3B91B420C83009185D3 /* Products */,
			);
			sourceTree = "<group>";
		};
		6240F3B91B420C83009185D3 /* Products */ = {
			isa = PBXGroup;
			children = (
				6240F3B81B420C83009185D3 /* SmashTag.app */,
				6240F3CD1B420C83009185D3 /* SmashTagTests.xctest */,
			);
			name = Products;
			sourceTree = "<group>";
		};
		6240F3BA1B420C83009185D3 /* SmashTag */ = {
			isa = PBXGroup;
			children = (
				6240F3BD1B420C83009185D3 /* AppDelegate.swift */,
				6240F3DD1B420CC6009185D3 /* TweetTableViewController.swift */,
				6240F3C11B420C83009185D3 /* Main.storyboard */,
				6240F3E81B42114F009185D3 /* TweetTableViewCell.swift */,
				6240F3C41B420C83009185D3 /* Images.xcassets */,
				6240F3DF1B420D27009185D3 /* Twitter */,
				6240F3C61B420C83009185D3 /* LaunchScreen.xib */,
				6240F3BB1B420C83009185D3 /* Supporting Files */,
			);
			path = SmashTag;
			sourceTree = "<group>";
		};
		6240F3BB1B420C83009185D3 /* Supporting Files */ = {
			isa = PBXGroup;
			children = (
				6240F3BC1B420C83009185D3 /* Info.plist */,
			);
			name = "Supporting Files";
			sourceTree = "<group>";
		};
		6240F3D01B420C83009185D3 /* SmashTagTests */ = {
			isa = PBXGroup;
			children = (
				6240F3D31B420C83009185D3 /* SmashTagTests.swift */,
				6240F3D11B420C83009185D3 /* Supporting Files */,
			);
			path = SmashTagTests;
			sourceTree = "<group>";
		};
		6240F3D11B420C83009185D3 /* Supporting Files */ = {
			isa = PBXGroup;
			children = (
				6240F3D21B420C83009185D3 /* Info.plist */,
			);
			name = "Supporting Files";
			sourceTree = "<group>";
		};
		6240F3DF1B420D27009185D3 /* Twitter */ = {
			isa = PBXGroup;
			children = (
				6240F3E01B420D27009185D3 /* MediaItem.swift */,
				6240F3E11B420D27009185D3 /* Tweet.swift */,
				6240F3E21B420D27009185D3 /* TwitterRequest.swift */,
				6240F3E31B420D27009185D3 /* User.swift */,
			);
			path = Twitter;
			sourceTree = "<group>";
		};
/* End PBXGroup section */

/* Begin PBXNativeTarget section */
		6240F3B71B420C83009185D3 /* SmashTag */ = {
			isa = PBXNativeTarget;
			buildConfigurationList = 6240F3D71B420C83009185D3 /* Build configuration list for PBXNativeTarget "SmashTag" */;
			buildPhases = (
				6240F3B41B420C83009185D3 /* Sources */,
				6240F3B51B420C83009185D3 /* Frameworks */,
				6240F3B61B420C83009185D3 /* Resources */,
			);
			buildRules = (
			);
			dependencies = (
			);
			name = SmashTag;
			productName = SmashTag;
			productReference = 6240F3B81B420C83009185D3 /* SmashTag.app */;
			productType = "com.apple.product-type.application";
		};
		6240F3CC1B420C83009185D3 /* SmashTagTests */ = {
			isa = PBXNativeTarget;
			buildConfigurationList = 6240F3DA1B420C83009185D3 /* Build configuration list for PBXNativeTarget "SmashTagTests" */;
			buildPhases = (
				6240F3C91B420C83009185D3 /* Sources */,
				6240F3CA1B420C83009185D3 /* Frameworks */,
				6240F3CB1B420C83009185D3 /* Resources */,
			);
			buildRules = (
			);
			dependencies = (
				6240F3CF1B420C83009185D3 /* PBXTargetDependency */,
			);
			name = SmashTagTests;
			productName = SmashTagTests;
			productReference = 6240F3CD1B420C83009185D3 /* SmashTagTests.xctest */;
			productType = "com.apple.product-type.bundle.unit-test";
		};
/* End PBXNativeTarget section */

/* Begin PBXProject section */
		6240F3B01B420C83009185D3 /* Project object */ = {
			isa = PBXProject;
			attributes = {
				LastUpgradeCheck = 0630;
				ORGANIZATIONNAME = "Zhengning Li";
				TargetAttributes = {
					6240F3B71B420C83009185D3 = {
						CreatedOnToolsVersion = 6.3.2;
					};
					6240F3CC1B420C83009185D3 = {
						CreatedOnToolsVersion = 6.3.2;
						TestTargetID = 6240F3B71B420C83009185D3;
					};
				};
			};
			buildConfigurationList = 6240F3B31B420C83009185D3 /* Build configuration list for PBXProject "SmashTag" */;
			compatibilityVersion = "Xcode 3.2";
			developmentRegion = English;
			hasScannedForEncodings = 0;
			knownRegions = (
				en,
				Base,
			);
			mainGroup = 6240F3AF1B420C83009185D3;
			productRefGroup = 6240F3B91B420C83009185D3 /* Products */;
			projectDirPath = "";
			projectRoot = "";
			targets = (
				6240F3B71B420C83009185D3 /* SmashTag */,
				6240F3CC1B420C83009185D3 /* SmashTagTests */,
			);
		};
/* End PBXProject section */

/* Begin PBXResourcesBuildPhase section */
		6240F3B61B420C83009185D3 /* Resources */ = {
			isa = PBXResourcesBuildPhase;
			buildActionMask = 2147483647;
			files = (
				6240F3C31B420C83009185D3 /* Main.storyboard in Resources */,
				6240F3C81B420C83009185D3 /* LaunchScreen.xib in Resources */,
				6240F3C51B420C83009185D3 /* Images.xcassets in Resources */,
			);
			runOnlyForDeploymentPostprocessing = 0;
		};
		6240F3CB1B420C83009185D3 /* Resources */ = {
			isa = PBXResourcesBuildPhase;
			buildActionMask = 2147483647;
			files = (
			);
			runOnlyForDeploymentPostprocessing = 0;
		};
/* End PBXResourcesBuildPhase section */

/* Begin PBXSourcesBuildPhase section */
		6240F3B41B420C83009185D3 /* Sources */ = {
			isa = PBXSourcesBuildPhase;
			buildActionMask = 2147483647;
			files = (
				6240F3BE1B420C83009185D3 /* AppDelegate.swift in Sources */,
				6240F3E61B420D27009185D3 /* TwitterRequest.swift in Sources */,
				6240F3E71B420D27009185D3 /* User.swift in Sources */,
				6240F3DE1B420CC6009185D3 /* TweetTableViewController.swift in Sources */,
				6240F3E41B420D27009185D3 /* MediaItem.swift in Sources */,
				6240F3E51B420D27009185D3 /* Tweet.swift in Sources */,
				6240F3E91B42114F009185D3 /* TweetTableViewCell.swift in Sources */,
			);
			runOnlyForDeploymentPostprocessing = 0;
		};
		6240F3C91B420C83009185D3 /* Sources */ = {
			isa = PBXSourcesBuildPhase;
			buildActionMask = 2147483647;
			files = (
				6240F3D41B420C83009185D3 /* SmashTagTests.swift in Sources */,
			);
			runOnlyForDeploymentPostprocessing = 0;
		};
/* End PBXSourcesBuildPhase section */

/* Begin PBXTargetDependency section */
		6240F3CF1B420C83009185D3 /* PBXTargetDependency */ = {
			isa = PBXTargetDependency;
			target = 6240F3B71B420C83009185D3 /* SmashTag */;
			targetProxy = 6240F3CE1B420C83009185D3 /* PBXContainerItemProxy */;
		};
/* End PBXTargetDependency section */

/* Begin PBXVariantGroup section */
		6240F3C11B420C83009185D3 /* Main.storyboard */ = {
			isa = PBXVariantGroup;
			children = (
				6240F3C21B420C83009185D3 /* Base */,
			);
			name = Main.storyboard;
			sourceTree = "<group>";
		};
		6240F3C61B420C83009185D3 /* LaunchScreen.xib */ = {
			isa = PBXVariantGroup;
			children = (
				6240F3C71B420C83009185D3 /* Base */,
			);
			name = LaunchScreen.xib;
			sourceTree = "<group>";
		};
/* End PBXVariantGroup section */

/* Begin XCBuildConfiguration section */
		6240F3D51B420C83009185D3 /* Debug */ = {
			isa = XCBuildConfiguration;
			buildSettings = {
				ALWAYS_SEARCH_USER_PATHS = NO;
				CLANG_CXX_LANGUAGE_STANDARD = "gnu++0x";
				CLANG_CXX_LIBRARY = "libc++";
				CLANG_ENABLE_MODULES = YES;
				CLANG_ENABLE_OBJC_ARC = YES;
				CLANG_WARN_BOOL_CONVERSION = YES;
				CLANG_WARN_CONSTANT_CONVERSION = YES;
				CLANG_WARN_DIRECT_OBJC_ISA_USAGE = YES_ERROR;
				CLANG_WARN_EMPTY_BODY = YES;
				CLANG_WARN_ENUM_CONVERSION = YES;
				CLANG_WARN_INT_CONVERSION = YES;
				CLANG_WARN_OBJC_ROOT_CLASS = YES_ERROR;
				CLANG_WARN_UNREACHABLE_CODE = YES;
				CLANG_WARN__DUPLICATE_METHOD_MATCH = YES;
				"CODE_SIGN_IDENTITY[sdk=iphoneos*]" = "iPhone Developer";
				COPY_PHASE_STRIP = NO;
				DEBUG_INFORMATION_FORMAT = "dwarf-with-dsym";
				ENABLE_STRICT_OBJC_MSGSEND = YES;
				GCC_C_LANGUAGE_STANDARD = gnu99;
				GCC_DYNAMIC_NO_PIC = NO;
				GCC_NO_COMMON_BLOCKS = YES;
				GCC_OPTIMIZATION_LEVEL = 0;
				GCC_PREPROCESSOR_DEFINITIONS = (
					"DEBUG=1",
					"$(inherited)",
				);
				GCC_SYMBOLS_PRIVATE_EXTERN = NO;
				GCC_WARN_64_TO_32_BIT_CONVERSION = YES;
				GCC_WARN_ABOUT_RETURN_TYPE = YES_ERROR;
				GCC_WARN_UNDECLARED_SELECTOR = YES;
				GCC_WARN_UNINITIALIZED_AUTOS = YES_AGGRESSIVE;
				GCC_WARN_UNUSED_FUNCTION = YES;
				GCC_WARN_UNUSED_VARIABLE = YES;
				IPHONEOS_DEPLOYMENT_TARGET = 8.3;
				MTL_ENABLE_DEBUG_INFO = YES;
				ONLY_ACTIVE_ARCH = YES;
				SDKROOT = iphoneos;
				SWIFT_OPTIMIZATION_LEVEL = "-Onone";
				TARGETED_DEVICE_FAMILY = "1,2";
			};
			name = Debug;
		};
		6240F3D61B420C83009185D3 /* Release */ = {
			isa = XCBuildConfiguration;
			buildSettings = {
				ALWAYS_SEARCH_USER_PATHS = NO;
				CLANG_CXX_LANGUAGE_STANDARD = "gnu++0x";
				CLANG_CXX_LIBRARY = "libc++";
				CLANG_ENABLE_MODULES = YES;
				CLANG_ENABLE_OBJC_ARC = YES;
				CLANG_WARN_BOOL_CONVERSION = YES;
				CLANG_WARN_CONSTANT_CONVERSION = YES;
				CLANG_WARN_DIRECT_OBJC_ISA_USAGE = YES_ERROR;
				CLANG_WARN_EMPTY_BODY = YES;
				CLANG_WARN_ENUM_CONVERSION = YES;
				CLANG_WARN_INT_CONVERSION = YES;
				CLANG_WARN_OBJC_ROOT_CLASS = YES_ERROR;
				CLANG_WARN_UNREACHABLE_CODE = YES;
				CLANG_WARN__DUPLICATE_METHOD_MATCH = YES;
				"CODE_SIGN_IDENTITY[sdk=iphoneos*]" = "iPhone Developer";
				COPY_PHASE_STRIP = NO;
				DEBUG_INFORMATION_FORMAT = "dwarf-with-dsym";
				ENABLE_NS_ASSERTIONS = NO;
				ENABLE_STRICT_OBJC_MSGSEND = YES;
				GCC_C_LANGUAGE_STANDARD = gnu99;
				GCC_NO_COMMON_BLOCKS = YES;
				GCC_WARN_64_TO_32_BIT_CONVERSION = YES;
				GCC_WARN_ABOUT_RETURN_TYPE = YES_ERROR;
				GCC_WARN_UNDECLARED_SELECTOR = YES;
				GCC_WARN_UNINITIALIZED_AUTOS = YES_AGGRESSIVE;
				GCC_WARN_UNUSED_FUNCTION = YES;
				GCC_WARN_UNUSED_VARIABLE = YES;
				IPHONEOS_DEPLOYMENT_TARGET = 8.3;
				MTL_ENABLE_DEBUG_INFO = NO;
				SDKROOT = iphoneos;
				TARGETED_DEVICE_FAMILY = "1,2";
				VALIDATE_PRODUCT = YES;
			};
			name = Release;
		};
		6240F3D81B420C83009185D3 /* Debug */ = {
			isa = XCBuildConfiguration;
			buildSettings = {
				ASSETCATALOG_COMPILER_APPICON_NAME = AppIcon;
				INFOPLIST_FILE = SmashTag/Info.plist;
				LD_RUNPATH_SEARCH_PATHS = "$(inherited) @executable_path/Frameworks";
				PRODUCT_NAME = "$(TARGET_NAME)";
			};
			name = Debug;
		};
		6240F3D91B420C83009185D3 /* Release */ = {
			isa = XCBuildConfiguration;
			buildSettings = {
				ASSETCATALOG_COMPILER_APPICON_NAME = AppIcon;
				INFOPLIST_FILE = SmashTag/Info.plist;
				LD_RUNPATH_SEARCH_PATHS = "$(inherited) @executable_path/Frameworks";
				PRODUCT_NAME = "$(TARGET_NAME)";
			};
			name = Release;
		};
		6240F3DB1B420C83009185D3 /* Debug */ = {
			isa = XCBuildConfiguration;
			buildSettings = {
				BUNDLE_LOADER = "$(TEST_HOST)";
				FRAMEWORK_SEARCH_PATHS = (
					"$(SDKROOT)/Developer/Library/Frameworks",
					"$(inherited)",
				);
				GCC_PREPROCESSOR_DEFINITIONS = (
					"DEBUG=1",
					"$(inherited)",
				);
				INFOPLIST_FILE = SmashTagTests/Info.plist;
				LD_RUNPATH_SEARCH_PATHS = "$(inherited) @executable_path/Frameworks @loader_path/Frameworks";
				PRODUCT_NAME = "$(TARGET_NAME)";
				TEST_HOST = "$(BUILT_PRODUCTS_DIR)/SmashTag.app/SmashTag";
			};
			name = Debug;
		};
		6240F3DC1B420C83009185D3 /* Release */ = {
			isa = XCBuildConfiguration;
			buildSettings = {
				BUNDLE_LOADER = "$(TEST_HOST)";
				FRAMEWORK_SEARCH_PATHS = (
					"$(SDKROOT)/Developer/Library/Frameworks",
					"$(inherited)",
				);
				INFOPLIST_FILE = SmashTagTests/Info.plist;
				LD_RUNPATH_SEARCH_PATHS = "$(inherited) @executable_path/Frameworks @loader_path/Frameworks";
				PRODUCT_NAME = "$(TARGET_NAME)";
				TEST_HOST = "$(BUILT_PRODUCTS_DIR)/SmashTag.app/SmashTag";
			};
			name = Release;
		};
/* End XCBuildConfiguration section */

/* Begin XCConfigurationList section */
		6240F3B31B420C83009185D3 /* Build configuration list for PBXProject "SmashTag" */ = {
			isa = XCConfigurationList;
			buildConfigurations = (
				6240F3D51B420C83009185D3 /* Debug */,
				6240F3D61B420C83009185D3 /* Release */,
			);
			defaultConfigurationIsVisible = 0;
			defaultConfigurationName = Release;
		};
		6240F3D71B420C83009185D3 /* Build configuration list for PBXNativeTarget "SmashTag" */ = {
			isa = XCConfigurationList;
			buildConfigurations = (
				6240F3D81B420C83009185D3 /* Debug */,
				6240F3D91B420C83009185D3 /* Release */,
			);
			defaultConfigurationIsVisible = 0;
		};
		6240F3DA1B420C83009185D3 /* Build configuration list for PBXNativeTarget "SmashTagTests" */ = {
			isa = XCConfigurationList;
			buildConfigurations = (
				6240F3DB1B420C83009185D3 /* Debug */,
				6240F3DC1B420C83009185D3 /* Release */,
			);
			defaultConfigurationIsVisible = 0;
		};
/* End XCConfigurationList section */
	};
	rootObject = 6240F3B01B420C83009185D3 /* Project object */;
}
