// !$*UTF8*$!
{
	archiveVersion = 1;
	classes = {
	};
	objectVersion = 46;
	objects = {

/* Begin PBXBuildFile section */
		6260FF991AFEC2F200090EF0 /* AppDelegate.swift in Sources */ = {isa = PBXBuildFile; fileRef = 6260FF981AFEC2F200090EF0 /* AppDelegate.swift */; };
		6260FF9B1AFEC2F200090EF0 /* ViewController.swift in Sources */ = {isa = PBXBuildFile; fileRef = 6260FF9A1AFEC2F200090EF0 /* ViewController.swift */; };
		6260FF9E1AFEC2F200090EF0 /* Main.storyboard in Resources */ = {isa = PBXBuildFile; fileRef = 6260FF9C1AFEC2F200090EF0 /* Main.storyboard */; };
		6260FFA01AFEC2F200090EF0 /* Images.xcassets in Resources */ = {isa = PBXBuildFile; fileRef = 6260FF9F1AFEC2F200090EF0 /* Images.xcassets */; };
		6260FFA31AFEC2F200090EF0 /* LaunchScreen.xib in Resources */ = {isa = PBXBuildFile; fileRef = 6260FFA11AFEC2F200090EF0 /* LaunchScreen.xib */; };
		6260FFAF1AFEC2F200090EF0 /* Pitch_PerfectTests.swift in Sources */ = {isa = PBXBuildFile; fileRef = 6260FFAE1AFEC2F200090EF0 /* Pitch_PerfectTests.swift */; };
		6260FFB91AFECE0B00090EF0 /* PlaySoundsViewController.swift in Sources */ = {isa = PBXBuildFile; fileRef = 6260FFB81AFECE0B00090EF0 /* PlaySoundsViewController.swift */; };
		6260FFBD1AFED9E600090EF0 /* movie_quote.mp3 in Resources */ = {isa = PBXBuildFile; fileRef = 6260FFBC1AFED9E600090EF0 /* movie_quote.mp3 */; };
		6260FFBF1AFEF20200090EF0 /* RecordedAudio.swift in Sources */ = {isa = PBXBuildFile; fileRef = 6260FFBE1AFEF20200090EF0 /* RecordedAudio.swift */; };
/* End PBXBuildFile section */

/* Begin PBXContainerItemProxy section */
		6260FFA91AFEC2F200090EF0 /* PBXContainerItemProxy */ = {
			isa = PBXContainerItemProxy;
			containerPortal = 6260FF8B1AFEC2F200090EF0 /* Project object */;
			proxyType = 1;
			remoteGlobalIDString = 6260FF921AFEC2F200090EF0;
			remoteInfo = "Pitch Perfect";
		};
/* End PBXContainerItemProxy section */

/* Begin PBXFileReference section */
		6260FF931AFEC2F200090EF0 /* Pitch Perfect.app */ = {isa = PBXFileReference; explicitFileType = wrapper.application; includeInIndex = 0; path = "Pitch Perfect.app"; sourceTree = BUILT_PRODUCTS_DIR; };
		6260FF971AFEC2F200090EF0 /* Info.plist */ = {isa = PBXFileReference; lastKnownFileType = text.plist.xml; path = Info.plist; sourceTree = "<group>"; };
		6260FF981AFEC2F200090EF0 /* AppDelegate.swift */ = {isa = PBXFileReference; lastKnownFileType = sourcecode.swift; path = AppDelegate.swift; sourceTree = "<group>"; };
		6260FF9A1AFEC2F200090EF0 /* ViewController.swift */ = {isa = PBXFileReference; lastKnownFileType = sourcecode.swift; path = ViewController.swift; sourceTree = "<group>"; };
		6260FF9D1AFEC2F200090EF0 /* Base */ = {isa = PBXFileReference; lastKnownFileType = file.storyboard; name = Base; path = Base.lproj/Main.storyboard; sourceTree = "<group>"; };
		6260FF9F1AFEC2F200090EF0 /* Images.xcassets */ = {isa = PBXFileReference; lastKnownFileType = folder.assetcatalog; path = Images.xcassets; sourceTree = "<group>"; };
		6260FFA21AFEC2F200090EF0 /* Base */ = {isa = PBXFileReference; lastKnownFileType = file.xib; name = Base; path = Base.lproj/LaunchScreen.xib; sourceTree = "<group>"; };
		6260FFA81AFEC2F200090EF0 /* Pitch PerfectTests.xctest */ = {isa = PBXFileReference; explicitFileType = wrapper.cfbundle; includeInIndex = 0; path = "Pitch PerfectTests.xctest"; sourceTree = BUILT_PRODUCTS_DIR; };
		6260FFAD1AFEC2F200090EF0 /* Info.plist */ = {isa = PBXFileReference; lastKnownFileType = text.plist.xml; path = Info.plist; sourceTree = "<group>"; };
		6260FFAE1AFEC2F200090EF0 /* Pitch_PerfectTests.swift */ = {isa = PBXFileReference; lastKnownFileType = sourcecode.swift; path = Pitch_PerfectTests.swift; sourceTree = "<group>"; };
		6260FFB81AFECE0B00090EF0 /* PlaySoundsViewController.swift */ = {isa = PBXFileReference; fileEncoding = 4; lastKnownFileType = sourcecode.swift; path = PlaySoundsViewController.swift; sourceTree = "<group>"; };
		6260FFBC1AFED9E600090EF0 /* movie_quote.mp3 */ = {isa = PBXFileReference; lastKnownFileType = audio.mp3; path = movie_quote.mp3; sourceTree = "<group>"; };
		6260FFBE1AFEF20200090EF0 /* RecordedAudio.swift */ = {isa = PBXFileReference; fileEncoding = 4; lastKnownFileType = sourcecode.swift; path = RecordedAudio.swift; sourceTree = "<group>"; };
/* End PBXFileReference section */

/* Begin PBXFrameworksBuildPhase section */
		6260FF901AFEC2F200090EF0 /* Frameworks */ = {
			isa = PBXFrameworksBuildPhase;
			buildActionMask = 2147483647;
			files = (
			);
			runOnlyForDeploymentPostprocessing = 0;
		};
		6260FFA51AFEC2F200090EF0 /* Frameworks */ = {
			isa = PBXFrameworksBuildPhase;
			buildActionMask = 2147483647;
			files = (
			);
			runOnlyForDeploymentPostprocessing = 0;
		};
/* End PBXFrameworksBuildPhase section */

/* Begin PBXGroup section */
		6260FF8A1AFEC2F200090EF0 = {
			isa = PBXGroup;
			children = (
				6260FF951AFEC2F200090EF0 /* Pitch Perfect */,
				6260FFAB1AFEC2F200090EF0 /* Pitch PerfectTests */,
				6260FF941AFEC2F200090EF0 /* Products */,
			);
			sourceTree = "<group>";
		};
		6260FF941AFEC2F200090EF0 /* Products */ = {
			isa = PBXGroup;
			children = (
				6260FF931AFEC2F200090EF0 /* Pitch Perfect.app */,
				6260FFA81AFEC2F200090EF0 /* Pitch PerfectTests.xctest */,
			);
			name = Products;
			sourceTree = "<group>";
		};
		6260FF951AFEC2F200090EF0 /* Pitch Perfect */ = {
			isa = PBXGroup;
			children = (
				6260FF981AFEC2F200090EF0 /* AppDelegate.swift */,
				6260FF9A1AFEC2F200090EF0 /* ViewController.swift */,
				6260FFB81AFECE0B00090EF0 /* PlaySoundsViewController.swift */,
				6260FF9C1AFEC2F200090EF0 /* Main.storyboard */,
				6260FFBE1AFEF20200090EF0 /* RecordedAudio.swift */,
				6260FF9F1AFEC2F200090EF0 /* Images.xcassets */,
				6260FFA11AFEC2F200090EF0 /* LaunchScreen.xib */,
				6260FF961AFEC2F200090EF0 /* Supporting Files */,
			);
			path = "Pitch Perfect";
			sourceTree = "<group>";
		};
		6260FF961AFEC2F200090EF0 /* Supporting Files */ = {
			isa = PBXGroup;
			children = (
				6260FFBC1AFED9E600090EF0 /* movie_quote.mp3 */,
				6260FF971AFEC2F200090EF0 /* Info.plist */,
			);
			name = "Supporting Files";
			sourceTree = "<group>";
		};
		6260FFAB1AFEC2F200090EF0 /* Pitch PerfectTests */ = {
			isa = PBXGroup;
			children = (
				6260FFAE1AFEC2F200090EF0 /* Pitch_PerfectTests.swift */,
				6260FFAC1AFEC2F200090EF0 /* Supporting Files */,
			);
			path = "Pitch PerfectTests";
			sourceTree = "<group>";
		};
		6260FFAC1AFEC2F200090EF0 /* Supporting Files */ = {
			isa = PBXGroup;
			children = (
				6260FFAD1AFEC2F200090EF0 /* Info.plist */,
			);
			name = "Supporting Files";
			sourceTree = "<group>";
		};
/* End PBXGroup section */

/* Begin PBXNativeTarget section */
		6260FF921AFEC2F200090EF0 /* Pitch Perfect */ = {
			isa = PBXNativeTarget;
			buildConfigurationList = 6260FFB21AFEC2F200090EF0 /* Build configuration list for PBXNativeTarget "Pitch Perfect" */;
			buildPhases = (
				6260FF8F1AFEC2F200090EF0 /* Sources */,
				6260FF901AFEC2F200090EF0 /* Frameworks */,
				6260FF911AFEC2F200090EF0 /* Resources */,
			);
			buildRules = (
			);
			dependencies = (
			);
			name = "Pitch Perfect";
			productName = "Pitch Perfect";
			productReference = 6260FF931AFEC2F200090EF0 /* Pitch Perfect.app */;
			productType = "com.apple.product-type.application";
		};
		6260FFA71AFEC2F200090EF0 /* Pitch PerfectTests */ = {
			isa = PBXNativeTarget;
			buildConfigurationList = 6260FFB51AFEC2F200090EF0 /* Build configuration list for PBXNativeTarget "Pitch PerfectTests" */;
			buildPhases = (
				6260FFA41AFEC2F200090EF0 /* Sources */,
				6260FFA51AFEC2F200090EF0 /* Frameworks */,
				6260FFA61AFEC2F200090EF0 /* Resources */,
			);
			buildRules = (
			);
			dependencies = (
				6260FFAA1AFEC2F200090EF0 /* PBXTargetDependency */,
			);
			name = "Pitch PerfectTests";
			productName = "Pitch PerfectTests";
			productReference = 6260FFA81AFEC2F200090EF0 /* Pitch PerfectTests.xctest */;
			productType = "com.apple.product-type.bundle.unit-test";
		};
/* End PBXNativeTarget section */

/* Begin PBXProject section */
		6260FF8B1AFEC2F200090EF0 /* Project object */ = {
			isa = PBXProject;
			attributes = {
				LastUpgradeCheck = 0630;
				ORGANIZATIONNAME = "李正宁";
				TargetAttributes = {
					6260FF921AFEC2F200090EF0 = {
						CreatedOnToolsVersion = 6.3;
					};
					6260FFA71AFEC2F200090EF0 = {
						CreatedOnToolsVersion = 6.3;
						TestTargetID = 6260FF921AFEC2F200090EF0;
					};
				};
			};
			buildConfigurationList = 6260FF8E1AFEC2F200090EF0 /* Build configuration list for PBXProject "Pitch Perfect" */;
			compatibilityVersion = "Xcode 3.2";
			developmentRegion = English;
			hasScannedForEncodings = 0;
			knownRegions = (
				en,
				Base,
			);
			mainGroup = 6260FF8A1AFEC2F200090EF0;
			productRefGroup = 6260FF941AFEC2F200090EF0 /* Products */;
			projectDirPath = "";
			projectRoot = "";
			targets = (
				6260FF921AFEC2F200090EF0 /* Pitch Perfect */,
				6260FFA71AFEC2F200090EF0 /* Pitch PerfectTests */,
			);
		};
/* End PBXProject section */

/* Begin PBXResourcesBuildPhase section */
		6260FF911AFEC2F200090EF0 /* Resources */ = {
			isa = PBXResourcesBuildPhase;
			buildActionMask = 2147483647;
			files = (
				6260FF9E1AFEC2F200090EF0 /* Main.storyboard in Resources */,
				6260FFA31AFEC2F200090EF0 /* LaunchScreen.xib in Resources */,
				6260FFBD1AFED9E600090EF0 /* movie_quote.mp3 in Resources */,
				6260FFA01AFEC2F200090EF0 /* Images.xcassets in Resources */,
			);
			runOnlyForDeploymentPostprocessing = 0;
		};
		6260FFA61AFEC2F200090EF0 /* Resources */ = {
			isa = PBXResourcesBuildPhase;
			buildActionMask = 2147483647;
			files = (
			);
			runOnlyForDeploymentPostprocessing = 0;
		};
/* End PBXResourcesBuildPhase section */

/* Begin PBXSourcesBuildPhase section */
		6260FF8F1AFEC2F200090EF0 /* Sources */ = {
			isa = PBXSourcesBuildPhase;
			buildActionMask = 2147483647;
			files = (
				6260FFBF1AFEF20200090EF0 /* RecordedAudio.swift in Sources */,
				6260FF9B1AFEC2F200090EF0 /* ViewController.swift in Sources */,
				6260FFB91AFECE0B00090EF0 /* PlaySoundsViewController.swift in Sources */,
				6260FF991AFEC2F200090EF0 /* AppDelegate.swift in Sources */,
			);
			runOnlyForDeploymentPostprocessing = 0;
		};
		6260FFA41AFEC2F200090EF0 /* Sources */ = {
			isa = PBXSourcesBuildPhase;
			buildActionMask = 2147483647;
			files = (
				6260FFAF1AFEC2F200090EF0 /* Pitch_PerfectTests.swift in Sources */,
			);
			runOnlyForDeploymentPostprocessing = 0;
		};
/* End PBXSourcesBuildPhase section */

/* Begin PBXTargetDependency section */
		6260FFAA1AFEC2F200090EF0 /* PBXTargetDependency */ = {
			isa = PBXTargetDependency;
			target = 6260FF921AFEC2F200090EF0 /* Pitch Perfect */;
			targetProxy = 6260FFA91AFEC2F200090EF0 /* PBXContainerItemProxy */;
		};
/* End PBXTargetDependency section */

/* Begin PBXVariantGroup section */
		6260FF9C1AFEC2F200090EF0 /* Main.storyboard */ = {
			isa = PBXVariantGroup;
			children = (
				6260FF9D1AFEC2F200090EF0 /* Base */,
			);
			name = Main.storyboard;
			sourceTree = "<group>";
		};
		6260FFA11AFEC2F200090EF0 /* LaunchScreen.xib */ = {
			isa = PBXVariantGroup;
			children = (
				6260FFA21AFEC2F200090EF0 /* Base */,
			);
			name = LaunchScreen.xib;
			sourceTree = "<group>";
		};
/* End PBXVariantGroup section */

/* Begin XCBuildConfiguration section */
		6260FFB01AFEC2F200090EF0 /* Debug */ = {
			isa = XCBuildConfiguration;
			buildSettings = {
				ALWAYS_SEARCH_USER_PATHS = NO;
				CLANG_CXX_LANGUAGE_STANDARD = "gnu++0x";
				CLANG_CXX_LIBRARY = "libc++";
				CLANG_ENABLE_MODULES = YES;
				CLANG_ENABLE_OBJC_ARC = YES;
				CLANG_WARN_BOOL_CONVERSION = YES;
				CLANG_WARN_CONSTANT_CONVERSION = YES;
				CLANG_WARN_DIRECT_OBJC_ISA_USAGE = YES_ERROR;
				CLANG_WARN_EMPTY_BODY = YES;
				CLANG_WARN_ENUM_CONVERSION = YES;
				CLANG_WARN_INT_CONVERSION = YES;
				CLANG_WARN_OBJC_ROOT_CLASS = YES_ERROR;
				CLANG_WARN_UNREACHABLE_CODE = YES;
				CLANG_WARN__DUPLICATE_METHOD_MATCH = YES;
				"CODE_SIGN_IDENTITY[sdk=iphoneos*]" = "iPhone Developer";
				COPY_PHASE_STRIP = NO;
				DEBUG_INFORMATION_FORMAT = dwarf;
				ENABLE_STRICT_OBJC_MSGSEND = YES;
				GCC_C_LANGUAGE_STANDARD = gnu99;
				GCC_DYNAMIC_NO_PIC = NO;
				GCC_NO_COMMON_BLOCKS = YES;
				GCC_OPTIMIZATION_LEVEL = 0;
				GCC_PREPROCESSOR_DEFINITIONS = (
					"DEBUG=1",
					"$(inherited)",
				);
				GCC_SYMBOLS_PRIVATE_EXTERN = NO;
				GCC_WARN_64_TO_32_BIT_CONVERSION = YES;
				GCC_WARN_ABOUT_RETURN_TYPE = YES_ERROR;
				GCC_WARN_UNDECLARED_SELECTOR = YES;
				GCC_WARN_UNINITIALIZED_AUTOS = YES_AGGRESSIVE;
				GCC_WARN_UNUSED_FUNCTION = YES;
				GCC_WARN_UNUSED_VARIABLE = YES;
				IPHONEOS_DEPLOYMENT_TARGET = 8.3;
				MTL_ENABLE_DEBUG_INFO = YES;
				ONLY_ACTIVE_ARCH = YES;
				SDKROOT = iphoneos;
				SWIFT_OPTIMIZATION_LEVEL = "-Onone";
			};
			name = Debug;
		};
		6260FFB11AFEC2F200090EF0 /* Release */ = {
			isa = XCBuildConfiguration;
			buildSettings = {
				ALWAYS_SEARCH_USER_PATHS = NO;
				CLANG_CXX_LANGUAGE_STANDARD = "gnu++0x";
				CLANG_CXX_LIBRARY = "libc++";
				CLANG_ENABLE_MODULES = YES;
				CLANG_ENABLE_OBJC_ARC = YES;
				CLANG_WARN_BOOL_CONVERSION = YES;
				CLANG_WARN_CONSTANT_CONVERSION = YES;
				CLANG_WARN_DIRECT_OBJC_ISA_USAGE = YES_ERROR;
				CLANG_WARN_EMPTY_BODY = YES;
				CLANG_WARN_ENUM_CONVERSION = YES;
				CLANG_WARN_INT_CONVERSION = YES;
				CLANG_WARN_OBJC_ROOT_CLASS = YES_ERROR;
				CLANG_WARN_UNREACHABLE_CODE = YES;
				CLANG_WARN__DUPLICATE_METHOD_MATCH = YES;
				"CODE_SIGN_IDENTITY[sdk=iphoneos*]" = "iPhone Developer";
				COPY_PHASE_STRIP = NO;
				DEBUG_INFORMATION_FORMAT = "dwarf-with-dsym";
				ENABLE_NS_ASSERTIONS = NO;
				ENABLE_STRICT_OBJC_MSGSEND = YES;
				GCC_C_LANGUAGE_STANDARD = gnu99;
				GCC_NO_COMMON_BLOCKS = YES;
				GCC_WARN_64_TO_32_BIT_CONVERSION = YES;
				GCC_WARN_ABOUT_RETURN_TYPE = YES_ERROR;
				GCC_WARN_UNDECLARED_SELECTOR = YES;
				GCC_WARN_UNINITIALIZED_AUTOS = YES_AGGRESSIVE;
				GCC_WARN_UNUSED_FUNCTION = YES;
				GCC_WARN_UNUSED_VARIABLE = YES;
				IPHONEOS_DEPLOYMENT_TARGET = 8.3;
				MTL_ENABLE_DEBUG_INFO = NO;
				SDKROOT = iphoneos;
				VALIDATE_PRODUCT = YES;
			};
			name = Release;
		};
		6260FFB31AFEC2F200090EF0 /* Debug */ = {
			isa = XCBuildConfiguration;
			buildSettings = {
				ASSETCATALOG_COMPILER_APPICON_NAME = AppIcon;
				INFOPLIST_FILE = "Pitch Perfect/Info.plist";
				LD_RUNPATH_SEARCH_PATHS = "$(inherited) @executable_path/Frameworks";
				PRODUCT_NAME = "$(TARGET_NAME)";
			};
			name = Debug;
		};
		6260FFB41AFEC2F200090EF0 /* Release */ = {
			isa = XCBuildConfiguration;
			buildSettings = {
				ASSETCATALOG_COMPILER_APPICON_NAME = AppIcon;
				INFOPLIST_FILE = "Pitch Perfect/Info.plist";
				LD_RUNPATH_SEARCH_PATHS = "$(inherited) @executable_path/Frameworks";
				PRODUCT_NAME = "$(TARGET_NAME)";
			};
			name = Release;
		};
		6260FFB61AFEC2F200090EF0 /* Debug */ = {
			isa = XCBuildConfiguration;
			buildSettings = {
				BUNDLE_LOADER = "$(TEST_HOST)";
				FRAMEWORK_SEARCH_PATHS = (
					"$(SDKROOT)/Developer/Library/Frameworks",
					"$(inherited)",
				);
				GCC_PREPROCESSOR_DEFINITIONS = (
					"DEBUG=1",
					"$(inherited)",
				);
				INFOPLIST_FILE = "Pitch PerfectTests/Info.plist";
				LD_RUNPATH_SEARCH_PATHS = "$(inherited) @executable_path/Frameworks @loader_path/Frameworks";
				PRODUCT_NAME = "$(TARGET_NAME)";
				TEST_HOST = "$(BUILT_PRODUCTS_DIR)/Pitch Perfect.app/Pitch Perfect";
			};
			name = Debug;
		};
		6260FFB71AFEC2F200090EF0 /* Release */ = {
			isa = XCBuildConfiguration;
			buildSettings = {
				BUNDLE_LOADER = "$(TEST_HOST)";
				FRAMEWORK_SEARCH_PATHS = (
					"$(SDKROOT)/Developer/Library/Frameworks",
					"$(inherited)",
				);
				INFOPLIST_FILE = "Pitch PerfectTests/Info.plist";
				LD_RUNPATH_SEARCH_PATHS = "$(inherited) @executable_path/Frameworks @loader_path/Frameworks";
				PRODUCT_NAME = "$(TARGET_NAME)";
				TEST_HOST = "$(BUILT_PRODUCTS_DIR)/Pitch Perfect.app/Pitch Perfect";
			};
			name = Release;
		};
/* End XCBuildConfiguration section */

/* Begin XCConfigurationList section */
		6260FF8E1AFEC2F200090EF0 /* Build configuration list for PBXProject "Pitch Perfect" */ = {
			isa = XCConfigurationList;
			buildConfigurations = (
				6260FFB01AFEC2F200090EF0 /* Debug */,
				6260FFB11AFEC2F200090EF0 /* Release */,
			);
			defaultConfigurationIsVisible = 0;
			defaultConfigurationName = Release;
		};
		6260FFB21AFEC2F200090EF0 /* Build configuration list for PBXNativeTarget "Pitch Perfect" */ = {
			isa = XCConfigurationList;
			buildConfigurations = (
				6260FFB31AFEC2F200090EF0 /* Debug */,
				6260FFB41AFEC2F200090EF0 /* Release */,
			);
			defaultConfigurationIsVisible = 0;
		};
		6260FFB51AFEC2F200090EF0 /* Build configuration list for PBXNativeTarget "Pitch PerfectTests" */ = {
			isa = XCConfigurationList;
			buildConfigurations = (
				6260FFB61AFEC2F200090EF0 /* Debug */,
				6260FFB71AFEC2F200090EF0 /* Release */,
			);
			defaultConfigurationIsVisible = 0;
		};
/* End XCConfigurationList section */
	};
	rootObject = 6260FF8B1AFEC2F200090EF0 /* Project object */;
}
