// !$*UTF8*$!
{
	archiveVersion = 1;
	classes = {
	};
	objectVersion = 46;
	objects = {

/* Begin PBXBuildFile section */
		6240F31B1B3F909C009185D3 /* AppDelegate.swift in Sources */ = {isa = PBXBuildFile; fileRef = 6240F31A1B3F909C009185D3 /* AppDelegate.swift */; };
		6240F3201B3F909C009185D3 /* Main.storyboard in Resources */ = {isa = PBXBuildFile; fileRef = 6240F31E1B3F909C009185D3 /* Main.storyboard */; };
		6240F3221B3F909C009185D3 /* Images.xcassets in Resources */ = {isa = PBXBuildFile; fileRef = 6240F3211B3F909C009185D3 /* Images.xcassets */; };
		6240F3251B3F909C009185D3 /* LaunchScreen.xib in Resources */ = {isa = PBXBuildFile; fileRef = 6240F3231B3F909C009185D3 /* LaunchScreen.xib */; };
		6240F3311B3F909C009185D3 /* DropitTests.swift in Sources */ = {isa = PBXBuildFile; fileRef = 6240F3301B3F909C009185D3 /* DropitTests.swift */; };
		6240F3411B3FA7FD009185D3 /* DropitViewController.swift in Sources */ = {isa = PBXBuildFile; fileRef = 6240F3401B3FA7FD009185D3 /* DropitViewController.swift */; };
		6240F3431B3FA888009185D3 /* DropitBehavior.swift in Sources */ = {isa = PBXBuildFile; fileRef = 6240F3421B3FA888009185D3 /* DropitBehavior.swift */; };
		6240F3451B3FA895009185D3 /* BezierPathsView.swift in Sources */ = {isa = PBXBuildFile; fileRef = 6240F3441B3FA895009185D3 /* BezierPathsView.swift */; };
/* End PBXBuildFile section */

/* Begin PBXContainerItemProxy section */
		6240F32B1B3F909C009185D3 /* PBXContainerItemProxy */ = {
			isa = PBXContainerItemProxy;
			containerPortal = 6240F30D1B3F909C009185D3 /* Project object */;
			proxyType = 1;
			remoteGlobalIDString = 6240F3141B3F909C009185D3;
			remoteInfo = Dropit;
		};
/* End PBXContainerItemProxy section */

/* Begin PBXFileReference section */
		6240F3151B3F909C009185D3 /* Dropit.app */ = {isa = PBXFileReference; explicitFileType = wrapper.application; includeInIndex = 0; path = Dropit.app; sourceTree = BUILT_PRODUCTS_DIR; };
		6240F3191B3F909C009185D3 /* Info.plist */ = {isa = PBXFileReference; lastKnownFileType = text.plist.xml; path = Info.plist; sourceTree = "<group>"; };
		6240F31A1B3F909C009185D3 /* AppDelegate.swift */ = {isa = PBXFileReference; lastKnownFileType = sourcecode.swift; path = AppDelegate.swift; sourceTree = "<group>"; };
		6240F31F1B3F909C009185D3 /* Base */ = {isa = PBXFileReference; lastKnownFileType = file.storyboard; name = Base; path = Base.lproj/Main.storyboard; sourceTree = "<group>"; };
		6240F3211B3F909C009185D3 /* Images.xcassets */ = {isa = PBXFileReference; lastKnownFileType = folder.assetcatalog; path = Images.xcassets; sourceTree = "<group>"; };
		6240F3241B3F909C009185D3 /* Base */ = {isa = PBXFileReference; lastKnownFileType = file.xib; name = Base; path = Base.lproj/LaunchScreen.xib; sourceTree = "<group>"; };
		6240F32A1B3F909C009185D3 /* DropitTests.xctest */ = {isa = PBXFileReference; explicitFileType = wrapper.cfbundle; includeInIndex = 0; path = DropitTests.xctest; sourceTree = BUILT_PRODUCTS_DIR; };
		6240F32F1B3F909C009185D3 /* Info.plist */ = {isa = PBXFileReference; lastKnownFileType = text.plist.xml; path = Info.plist; sourceTree = "<group>"; };
		6240F3301B3F909C009185D3 /* DropitTests.swift */ = {isa = PBXFileReference; lastKnownFileType = sourcecode.swift; path = DropitTests.swift; sourceTree = "<group>"; };
		6240F3401B3FA7FD009185D3 /* DropitViewController.swift */ = {isa = PBXFileReference; fileEncoding = 4; lastKnownFileType = sourcecode.swift; path = DropitViewController.swift; sourceTree = "<group>"; };
		6240F3421B3FA888009185D3 /* DropitBehavior.swift */ = {isa = PBXFileReference; fileEncoding = 4; lastKnownFileType = sourcecode.swift; path = DropitBehavior.swift; sourceTree = "<group>"; };
		6240F3441B3FA895009185D3 /* BezierPathsView.swift */ = {isa = PBXFileReference; fileEncoding = 4; lastKnownFileType = sourcecode.swift; path = BezierPathsView.swift; sourceTree = "<group>"; };
/* End PBXFileReference section */

/* Begin PBXFrameworksBuildPhase section */
		6240F3121B3F909C009185D3 /* Frameworks */ = {
			isa = PBXFrameworksBuildPhase;
			buildActionMask = 2147483647;
			files = (
			);
			runOnlyForDeploymentPostprocessing = 0;
		};
		6240F3271B3F909C009185D3 /* Frameworks */ = {
			isa = PBXFrameworksBuildPhase;
			buildActionMask = 2147483647;
			files = (
			);
			runOnlyForDeploymentPostprocessing = 0;
		};
/* End PBXFrameworksBuildPhase section */

/* Begin PBXGroup section */
		6240F30C1B3F909C009185D3 = {
			isa = PBXGroup;
			children = (
				6240F3171B3F909C009185D3 /* Dropit */,
				6240F32D1B3F909C009185D3 /* DropitTests */,
				6240F3161B3F909C009185D3 /* Products */,
			);
			sourceTree = "<group>";
		};
		6240F3161B3F909C009185D3 /* Products */ = {
			isa = PBXGroup;
			children = (
				6240F3151B3F909C009185D3 /* Dropit.app */,
				6240F32A1B3F909C009185D3 /* DropitTests.xctest */,
			);
			name = Products;
			sourceTree = "<group>";
		};
		6240F3171B3F909C009185D3 /* Dropit */ = {
			isa = PBXGroup;
			children = (
				6240F3401B3FA7FD009185D3 /* DropitViewController.swift */,
				6240F3441B3FA895009185D3 /* BezierPathsView.swift */,
				6240F31E1B3F909C009185D3 /* Main.storyboard */,
				6240F3421B3FA888009185D3 /* DropitBehavior.swift */,
				6240F3181B3F909C009185D3 /* Supporting Files */,
			);
			path = Dropit;
			sourceTree = "<group>";
		};
		6240F3181B3F909C009185D3 /* Supporting Files */ = {
			isa = PBXGroup;
			children = (
				6240F31A1B3F909C009185D3 /* AppDelegate.swift */,
				6240F3231B3F909C009185D3 /* LaunchScreen.xib */,
				6240F3211B3F909C009185D3 /* Images.xcassets */,
				6240F3191B3F909C009185D3 /* Info.plist */,
			);
			name = "Supporting Files";
			sourceTree = "<group>";
		};
		6240F32D1B3F909C009185D3 /* DropitTests */ = {
			isa = PBXGroup;
			children = (
				6240F3301B3F909C009185D3 /* DropitTests.swift */,
				6240F32E1B3F909C009185D3 /* Supporting Files */,
			);
			path = DropitTests;
			sourceTree = "<group>";
		};
		6240F32E1B3F909C009185D3 /* Supporting Files */ = {
			isa = PBXGroup;
			children = (
				6240F32F1B3F909C009185D3 /* Info.plist */,
			);
			name = "Supporting Files";
			sourceTree = "<group>";
		};
/* End PBXGroup section */

/* Begin PBXNativeTarget section */
		6240F3141B3F909C009185D3 /* Dropit */ = {
			isa = PBXNativeTarget;
			buildConfigurationList = 6240F3341B3F909C009185D3 /* Build configuration list for PBXNativeTarget "Dropit" */;
			buildPhases = (
				6240F3111B3F909C009185D3 /* Sources */,
				6240F3121B3F909C009185D3 /* Frameworks */,
				6240F3131B3F909C009185D3 /* Resources */,
			);
			buildRules = (
			);
			dependencies = (
			);
			name = Dropit;
			productName = Dropit;
			productReference = 6240F3151B3F909C009185D3 /* Dropit.app */;
			productType = "com.apple.product-type.application";
		};
		6240F3291B3F909C009185D3 /* DropitTests */ = {
			isa = PBXNativeTarget;
			buildConfigurationList = 6240F3371B3F909C009185D3 /* Build configuration list for PBXNativeTarget "DropitTests" */;
			buildPhases = (
				6240F3261B3F909C009185D3 /* Sources */,
				6240F3271B3F909C009185D3 /* Frameworks */,
				6240F3281B3F909C009185D3 /* Resources */,
			);
			buildRules = (
			);
			dependencies = (
				6240F32C1B3F909C009185D3 /* PBXTargetDependency */,
			);
			name = DropitTests;
			productName = DropitTests;
			productReference = 6240F32A1B3F909C009185D3 /* DropitTests.xctest */;
			productType = "com.apple.product-type.bundle.unit-test";
		};
/* End PBXNativeTarget section */

/* Begin PBXProject section */
		6240F30D1B3F909C009185D3 /* Project object */ = {
			isa = PBXProject;
			attributes = {
				LastUpgradeCheck = 0630;
				ORGANIZATIONNAME = "Zhengning Li";
				TargetAttributes = {
					6240F3141B3F909C009185D3 = {
						CreatedOnToolsVersion = 6.3.2;
					};
					6240F3291B3F909C009185D3 = {
						CreatedOnToolsVersion = 6.3.2;
						TestTargetID = 6240F3141B3F909C009185D3;
					};
				};
			};
			buildConfigurationList = 6240F3101B3F909C009185D3 /* Build configuration list for PBXProject "Dropit" */;
			compatibilityVersion = "Xcode 3.2";
			developmentRegion = English;
			hasScannedForEncodings = 0;
			knownRegions = (
				en,
				Base,
			);
			mainGroup = 6240F30C1B3F909C009185D3;
			productRefGroup = 6240F3161B3F909C009185D3 /* Products */;
			projectDirPath = "";
			projectRoot = "";
			targets = (
				6240F3141B3F909C009185D3 /* Dropit */,
				6240F3291B3F909C009185D3 /* DropitTests */,
			);
		};
/* End PBXProject section */

/* Begin PBXResourcesBuildPhase section */
		6240F3131B3F909C009185D3 /* Resources */ = {
			isa = PBXResourcesBuildPhase;
			buildActionMask = 2147483647;
			files = (
				6240F3201B3F909C009185D3 /* Main.storyboard in Resources */,
				6240F3251B3F909C009185D3 /* LaunchScreen.xib in Resources */,
				6240F3221B3F909C009185D3 /* Images.xcassets in Resources */,
			);
			runOnlyForDeploymentPostprocessing = 0;
		};
		6240F3281B3F909C009185D3 /* Resources */ = {
			isa = PBXResourcesBuildPhase;
			buildActionMask = 2147483647;
			files = (
			);
			runOnlyForDeploymentPostprocessing = 0;
		};
/* End PBXResourcesBuildPhase section */

/* Begin PBXSourcesBuildPhase section */
		6240F3111B3F909C009185D3 /* Sources */ = {
			isa = PBXSourcesBuildPhase;
			buildActionMask = 2147483647;
			files = (
				6240F3451B3FA895009185D3 /* BezierPathsView.swift in Sources */,
				6240F31B1B3F909C009185D3 /* AppDelegate.swift in Sources */,
				6240F3411B3FA7FD009185D3 /* DropitViewController.swift in Sources */,
				6240F3431B3FA888009185D3 /* DropitBehavior.swift in Sources */,
			);
			runOnlyForDeploymentPostprocessing = 0;
		};
		6240F3261B3F909C009185D3 /* Sources */ = {
			isa = PBXSourcesBuildPhase;
			buildActionMask = 2147483647;
			files = (
				6240F3311B3F909C009185D3 /* DropitTests.swift in Sources */,
			);
			runOnlyForDeploymentPostprocessing = 0;
		};
/* End PBXSourcesBuildPhase section */

/* Begin PBXTargetDependency section */
		6240F32C1B3F909C009185D3 /* PBXTargetDependency */ = {
			isa = PBXTargetDependency;
			target = 6240F3141B3F909C009185D3 /* Dropit */;
			targetProxy = 6240F32B1B3F909C009185D3 /* PBXContainerItemProxy */;
		};
/* End PBXTargetDependency section */

/* Begin PBXVariantGroup section */
		6240F31E1B3F909C009185D3 /* Main.storyboard */ = {
			isa = PBXVariantGroup;
			children = (
				6240F31F1B3F909C009185D3 /* Base */,
			);
			name = Main.storyboard;
			sourceTree = "<group>";
		};
		6240F3231B3F909C009185D3 /* LaunchScreen.xib */ = {
			isa = PBXVariantGroup;
			children = (
				6240F3241B3F909C009185D3 /* Base */,
			);
			name = LaunchScreen.xib;
			sourceTree = "<group>";
		};
/* End PBXVariantGroup section */

/* Begin XCBuildConfiguration section */
		6240F3321B3F909C009185D3 /* Debug */ = {
			isa = XCBuildConfiguration;
			buildSettings = {
				ALWAYS_SEARCH_USER_PATHS = NO;
				CLANG_CXX_LANGUAGE_STANDARD = "gnu++0x";
				CLANG_CXX_LIBRARY = "libc++";
				CLANG_ENABLE_MODULES = YES;
				CLANG_ENABLE_OBJC_ARC = YES;
				CLANG_WARN_BOOL_CONVERSION = YES;
				CLANG_WARN_CONSTANT_CONVERSION = YES;
				CLANG_WARN_DIRECT_OBJC_ISA_USAGE = YES_ERROR;
				CLANG_WARN_EMPTY_BODY = YES;
				CLANG_WARN_ENUM_CONVERSION = YES;
				CLANG_WARN_INT_CONVERSION = YES;
				CLANG_WARN_OBJC_ROOT_CLASS = YES_ERROR;
				CLANG_WARN_UNREACHABLE_CODE = YES;
				CLANG_WARN__DUPLICATE_METHOD_MATCH = YES;
				"CODE_SIGN_IDENTITY[sdk=iphoneos*]" = "iPhone Developer";
				COPY_PHASE_STRIP = NO;
				DEBUG_INFORMATION_FORMAT = "dwarf-with-dsym";
				ENABLE_STRICT_OBJC_MSGSEND = YES;
				GCC_C_LANGUAGE_STANDARD = gnu99;
				GCC_DYNAMIC_NO_PIC = NO;
				GCC_NO_COMMON_BLOCKS = YES;
				GCC_OPTIMIZATION_LEVEL = 0;
				GCC_PREPROCESSOR_DEFINITIONS = (
					"DEBUG=1",
					"$(inherited)",
				);
				GCC_SYMBOLS_PRIVATE_EXTERN = NO;
				GCC_WARN_64_TO_32_BIT_CONVERSION = YES;
				GCC_WARN_ABOUT_RETURN_TYPE = YES_ERROR;
				GCC_WARN_UNDECLARED_SELECTOR = YES;
				GCC_WARN_UNINITIALIZED_AUTOS = YES_AGGRESSIVE;
				GCC_WARN_UNUSED_FUNCTION = YES;
				GCC_WARN_UNUSED_VARIABLE = YES;
				IPHONEOS_DEPLOYMENT_TARGET = 8.3;
				MTL_ENABLE_DEBUG_INFO = YES;
				ONLY_ACTIVE_ARCH = YES;
				SDKROOT = iphoneos;
				SWIFT_OPTIMIZATION_LEVEL = "-Onone";
				TARGETED_DEVICE_FAMILY = "1,2";
			};
			name = Debug;
		};
		6240F3331B3F909C009185D3 /* Release */ = {
			isa = XCBuildConfiguration;
			buildSettings = {
				ALWAYS_SEARCH_USER_PATHS = NO;
				CLANG_CXX_LANGUAGE_STANDARD = "gnu++0x";
				CLANG_CXX_LIBRARY = "libc++";
				CLANG_ENABLE_MODULES = YES;
				CLANG_ENABLE_OBJC_ARC = YES;
				CLANG_WARN_BOOL_CONVERSION = YES;
				CLANG_WARN_CONSTANT_CONVERSION = YES;
				CLANG_WARN_DIRECT_OBJC_ISA_USAGE = YES_ERROR;
				CLANG_WARN_EMPTY_BODY = YES;
				CLANG_WARN_ENUM_CONVERSION = YES;
				CLANG_WARN_INT_CONVERSION = YES;
				CLANG_WARN_OBJC_ROOT_CLASS = YES_ERROR;
				CLANG_WARN_UNREACHABLE_CODE = YES;
				CLANG_WARN__DUPLICATE_METHOD_MATCH = YES;
				"CODE_SIGN_IDENTITY[sdk=iphoneos*]" = "iPhone Developer";
				COPY_PHASE_STRIP = NO;
				DEBUG_INFORMATION_FORMAT = "dwarf-with-dsym";
				ENABLE_NS_ASSERTIONS = NO;
				ENABLE_STRICT_OBJC_MSGSEND = YES;
				GCC_C_LANGUAGE_STANDARD = gnu99;
				GCC_NO_COMMON_BLOCKS = YES;
				GCC_WARN_64_TO_32_BIT_CONVERSION = YES;
				GCC_WARN_ABOUT_RETURN_TYPE = YES_ERROR;
				GCC_WARN_UNDECLARED_SELECTOR = YES;
				GCC_WARN_UNINITIALIZED_AUTOS = YES_AGGRESSIVE;
				GCC_WARN_UNUSED_FUNCTION = YES;
				GCC_WARN_UNUSED_VARIABLE = YES;
				IPHONEOS_DEPLOYMENT_TARGET = 8.3;
				MTL_ENABLE_DEBUG_INFO = NO;
				SDKROOT = iphoneos;
				TARGETED_DEVICE_FAMILY = "1,2";
				VALIDATE_PRODUCT = YES;
			};
			name = Release;
		};
		6240F3351B3F909C009185D3 /* Debug */ = {
			isa = XCBuildConfiguration;
			buildSettings = {
				ASSETCATALOG_COMPILER_APPICON_NAME = AppIcon;
				INFOPLIST_FILE = Dropit/Info.plist;
				LD_RUNPATH_SEARCH_PATHS = "$(inherited) @executable_path/Frameworks";
				PRODUCT_NAME = "$(TARGET_NAME)";
			};
			name = Debug;
		};
		6240F3361B3F909C009185D3 /* Release */ = {
			isa = XCBuildConfiguration;
			buildSettings = {
				ASSETCATALOG_COMPILER_APPICON_NAME = AppIcon;
				INFOPLIST_FILE = Dropit/Info.plist;
				LD_RUNPATH_SEARCH_PATHS = "$(inherited) @executable_path/Frameworks";
				PRODUCT_NAME = "$(TARGET_NAME)";
			};
			name = Release;
		};
		6240F3381B3F909C009185D3 /* Debug */ = {
			isa = XCBuildConfiguration;
			buildSettings = {
				BUNDLE_LOADER = "$(TEST_HOST)";
				FRAMEWORK_SEARCH_PATHS = (
					"$(SDKROOT)/Developer/Library/Frameworks",
					"$(inherited)",
				);
				GCC_PREPROCESSOR_DEFINITIONS = (
					"DEBUG=1",
					"$(inherited)",
				);
				INFOPLIST_FILE = DropitTests/Info.plist;
				LD_RUNPATH_SEARCH_PATHS = "$(inherited) @executable_path/Frameworks @loader_path/Frameworks";
				PRODUCT_NAME = "$(TARGET_NAME)";
				TEST_HOST = "$(BUILT_PRODUCTS_DIR)/Dropit.app/Dropit";
			};
			name = Debug;
		};
		6240F3391B3F909C009185D3 /* Release */ = {
			isa = XCBuildConfiguration;
			buildSettings = {
				BUNDLE_LOADER = "$(TEST_HOST)";
				FRAMEWORK_SEARCH_PATHS = (
					"$(SDKROOT)/Developer/Library/Frameworks",
					"$(inherited)",
				);
				INFOPLIST_FILE = DropitTests/Info.plist;
				LD_RUNPATH_SEARCH_PATHS = "$(inherited) @executable_path/Frameworks @loader_path/Frameworks";
				PRODUCT_NAME = "$(TARGET_NAME)";
				TEST_HOST = "$(BUILT_PRODUCTS_DIR)/Dropit.app/Dropit";
			};
			name = Release;
		};
/* End XCBuildConfiguration section */

/* Begin XCConfigurationList section */
		6240F3101B3F909C009185D3 /* Build configuration list for PBXProject "Dropit" */ = {
			isa = XCConfigurationList;
			buildConfigurations = (
				6240F3321B3F909C009185D3 /* Debug */,
				6240F3331B3F909C009185D3 /* Release */,
			);
			defaultConfigurationIsVisible = 0;
			defaultConfigurationName = Release;
		};
		6240F3341B3F909C009185D3 /* Build configuration list for PBXNativeTarget "Dropit" */ = {
			isa = XCConfigurationList;
			buildConfigurations = (
				6240F3351B3F909C009185D3 /* Debug */,
				6240F3361B3F909C009185D3 /* Release */,
			);
			defaultConfigurationIsVisible = 0;
		};
		6240F3371B3F909C009185D3 /* Build configuration list for PBXNativeTarget "DropitTests" */ = {
			isa = XCConfigurationList;
			buildConfigurations = (
				6240F3381B3F909C009185D3 /* Debug */,
				6240F3391B3F909C009185D3 /* Release */,
			);
			defaultConfigurationIsVisible = 0;
		};
/* End XCConfigurationList section */
	};
	rootObject = 6240F30D1B3F909C009185D3 /* Project object */;
}
